// !$*UTF8*$!
{
	archiveVersion = 1;
	classes = {
	};
	objectVersion = 56;
	objects = {

/* Begin PBXBuildFile section */
		4E036E1B2BD23CA80017A9BF /* AppDelegate.swift in Sources */ = {isa = PBXBuildFile; fileRef = 4E036E1A2BD23CA80017A9BF /* AppDelegate.swift */; };
		4E036E1D2BD23CA80017A9BF /* SceneDelegate.swift in Sources */ = {isa = PBXBuildFile; fileRef = 4E036E1C2BD23CA80017A9BF /* SceneDelegate.swift */; };
		4E036E1F2BD23CA80017A9BF /* ViewController.swift in Sources */ = {isa = PBXBuildFile; fileRef = 4E036E1E2BD23CA80017A9BF /* ViewController.swift */; };
		4E036E242BD23CAA0017A9BF /* Assets.xcassets in Resources */ = {isa = PBXBuildFile; fileRef = 4E036E232BD23CAA0017A9BF /* Assets.xcassets */; };
		4E036E272BD23CAA0017A9BF /* LaunchScreen.storyboard in Resources */ = {isa = PBXBuildFile; fileRef = 4E036E252BD23CAA0017A9BF /* LaunchScreen.storyboard */; };
		4E036E322BD23CAA0017A9BF /* _4th_SOPT_iOS_DanggeunCloneCodingTests.swift in Sources */ = {isa = PBXBuildFile; fileRef = 4E036E312BD23CAA0017A9BF /* _4th_SOPT_iOS_DanggeunCloneCodingTests.swift */; };
		4E036E3C2BD23CAA0017A9BF /* _4th_SOPT_iOS_DanggeunCloneCodingUITests.swift in Sources */ = {isa = PBXBuildFile; fileRef = 4E036E3B2BD23CAA0017A9BF /* _4th_SOPT_iOS_DanggeunCloneCodingUITests.swift */; };
		4E036E3E2BD23CAA0017A9BF /* _4th_SOPT_iOS_DanggeunCloneCodingUITestsLaunchTests.swift in Sources */ = {isa = PBXBuildFile; fileRef = 4E036E3D2BD23CAA0017A9BF /* _4th_SOPT_iOS_DanggeunCloneCodingUITestsLaunchTests.swift */; };
		4E036E802BD2AC640017A9BF /* .gitignore in Resources */ = {isa = PBXBuildFile; fileRef = 4E036E7F2BD2AC640017A9BF /* .gitignore */; };
		4E036E822BD2AE240017A9BF /* WelcomeViewController.swift in Sources */ = {isa = PBXBuildFile; fileRef = 4E036E812BD2AE240017A9BF /* WelcomeViewController.swift */; };
		4E036E842BD2AE460017A9BF /* UITextFieldExtensions.swift in Sources */ = {isa = PBXBuildFile; fileRef = 4E036E832BD2AE460017A9BF /* UITextFieldExtensions.swift */; };
		4E036E862BD2AE600017A9BF /* UIFontExtension.swift in Sources */ = {isa = PBXBuildFile; fileRef = 4E036E852BD2AE600017A9BF /* UIFontExtension.swift */; };
		4E036E882BD2AE740017A9BF /* ScrollViewController.swift in Sources */ = {isa = PBXBuildFile; fileRef = 4E036E872BD2AE740017A9BF /* ScrollViewController.swift */; };
		4E036E8A2BD2AEA40017A9BF /* LoginViewController.swift in Sources */ = {isa = PBXBuildFile; fileRef = 4E036E892BD2AEA40017A9BF /* LoginViewController.swift */; };
		4E036E8C2BD2AEC00017A9BF /* ColorAssets.swift in Sources */ = {isa = PBXBuildFile; fileRef = 4E036E8B2BD2AEC00017A9BF /* ColorAssets.swift */; };
		4E036E8F2BD2AEEF0017A9BF /* SnapKit in Frameworks */ = {isa = PBXBuildFile; productRef = 4E036E8E2BD2AEEF0017A9BF /* SnapKit */; };
		4E036E9A2BD2AF500017A9BF /* Pretendard-Medium.otf in Resources */ = {isa = PBXBuildFile; fileRef = 4E036E912BD2AF090017A9BF /* Pretendard-Medium.otf */; };
		4E036E9B2BD2AF500017A9BF /* Pretendard-ExtraLight.otf in Resources */ = {isa = PBXBuildFile; fileRef = 4E036E942BD2AF0A0017A9BF /* Pretendard-ExtraLight.otf */; };
		4E036E9C2BD2AF500017A9BF /* Pretendard-SemiBold.otf in Resources */ = {isa = PBXBuildFile; fileRef = 4E036E982BD2AF0B0017A9BF /* Pretendard-SemiBold.otf */; };
		4E036E9D2BD2AF500017A9BF /* Pretendard-Regular.otf in Resources */ = {isa = PBXBuildFile; fileRef = 4E036E992BD2AF0B0017A9BF /* Pretendard-Regular.otf */; };
		4E036E9E2BD2AF500017A9BF /* Pretendard-Black.otf in Resources */ = {isa = PBXBuildFile; fileRef = 4E036E932BD2AF0A0017A9BF /* Pretendard-Black.otf */; };
		4E036E9F2BD2AF500017A9BF /* Pretendard-Thin.otf in Resources */ = {isa = PBXBuildFile; fileRef = 4E036E972BD2AF0B0017A9BF /* Pretendard-Thin.otf */; };
		4E036EA02BD2AF500017A9BF /* Pretendard-ExtraBold.otf in Resources */ = {isa = PBXBuildFile; fileRef = 4E036E952BD2AF0A0017A9BF /* Pretendard-ExtraBold.otf */; };
		4E036EA12BD2AF500017A9BF /* Pretendard-Bold.otf in Resources */ = {isa = PBXBuildFile; fileRef = 4E036E922BD2AF0A0017A9BF /* Pretendard-Bold.otf */; };
		4E036EA22BD2AF500017A9BF /* Pretendard-Light.otf in Resources */ = {isa = PBXBuildFile; fileRef = 4E036E962BD2AF0B0017A9BF /* Pretendard-Light.otf */; };
		4ED0589A2C01BD6400F5680E /* LoginViewController_DI.swift in Sources */ = {isa = PBXBuildFile; fileRef = 4ED058992C01BD6400F5680E /* LoginViewController_DI.swift */; };
		4ED0589D2C01BD9B00F5680E /* ViewModelType.swift in Sources */ = {isa = PBXBuildFile; fileRef = 4ED0589C2C01BD9B00F5680E /* ViewModelType.swift */; };
		4ED0589F2C01BDBE00F5680E /* LoginViewModel_Rx.swift in Sources */ = {isa = PBXBuildFile; fileRef = 4ED0589E2C01BDBE00F5680E /* LoginViewModel_Rx.swift */; };
		4ED058A12C01BDE300F5680E /* LoginViewController_Rx.swift in Sources */ = {isa = PBXBuildFile; fileRef = 4ED058A02C01BDE300F5680E /* LoginViewController_Rx.swift */; };
		4ED058A32C01BE0000F5680E /* LoginViewController_LiveCodingTemplate.swift in Sources */ = {isa = PBXBuildFile; fileRef = 4ED058A22C01BE0000F5680E /* LoginViewController_LiveCodingTemplate.swift */; };
		4ED058A62C01C75400F5680E /* RxCocoa in Frameworks */ = {isa = PBXBuildFile; productRef = 4ED058A52C01C75400F5680E /* RxCocoa */; };
		4ED058A82C01C75400F5680E /* RxRelay in Frameworks */ = {isa = PBXBuildFile; productRef = 4ED058A72C01C75400F5680E /* RxRelay */; };
		4ED9F3D62BDCC52300712737 /* Moya in Frameworks */ = {isa = PBXBuildFile; productRef = 4ED9F3D52BDCC52300712737 /* Moya */; };
		4ED9F3D82BDCCBD600712737 /* Config.swift in Sources */ = {isa = PBXBuildFile; fileRef = 4ED9F3D72BDCCBD600712737 /* Config.swift */; };
		4ED9F3DA2BDCCF3800712737 /* NetworkResult.swift in Sources */ = {isa = PBXBuildFile; fileRef = 4ED9F3D92BDCCF3800712737 /* NetworkResult.swift */; };
		4ED9F3DC2BDCCF6300712737 /* MoyaLoggingPlugin.swift in Sources */ = {isa = PBXBuildFile; fileRef = 4ED9F3DB2BDCCF6300712737 /* MoyaLoggingPlugin.swift */; };
		4ED9F3DE2BDCCF9800712737 /* SignUpRequestModel.swift in Sources */ = {isa = PBXBuildFile; fileRef = 4ED9F3DD2BDCCF9800712737 /* SignUpRequestModel.swift */; };
		4ED9F3E02BDCCFC900712737 /* SignUpResponseModel.swift in Sources */ = {isa = PBXBuildFile; fileRef = 4ED9F3DF2BDCCFC900712737 /* SignUpResponseModel.swift */; };
		4ED9F3E22BDCD00200712737 /* SignUpViewController.swift in Sources */ = {isa = PBXBuildFile; fileRef = 4ED9F3E12BDCD00200712737 /* SignUpViewController.swift */; };
		4ED9F3E52BDCD0CE00712737 /* Then in Frameworks */ = {isa = PBXBuildFile; productRef = 4ED9F3E42BDCD0CE00712737 /* Then */; };
		4ED9F3E72BDCD0EA00712737 /* UserTargetType.swift in Sources */ = {isa = PBXBuildFile; fileRef = 4ED9F3E62BDCD0EA00712737 /* UserTargetType.swift */; };
		4ED9F3E92BDCD10300712737 /* UserService.swift in Sources */ = {isa = PBXBuildFile; fileRef = 4ED9F3E82BDCD10300712737 /* UserService.swift */; };
		4ED9F3EB2BDCD12500712737 /* CheckUserInfoViewController.swift in Sources */ = {isa = PBXBuildFile; fileRef = 4ED9F3EA2BDCD12500712737 /* CheckUserInfoViewController.swift */; };
		4ED9F3ED2BDCD14000712737 /* UserInfoResponseModel.swift in Sources */ = {isa = PBXBuildFile; fileRef = 4ED9F3EC2BDCD14000712737 /* UserInfoResponseModel.swift */; };
/* End PBXBuildFile section */

/* Begin PBXContainerItemProxy section */
		4E036E2E2BD23CAA0017A9BF /* PBXContainerItemProxy */ = {
			isa = PBXContainerItemProxy;
			containerPortal = 4E036E0F2BD23CA80017A9BF /* Project object */;
			proxyType = 1;
			remoteGlobalIDString = 4E036E162BD23CA80017A9BF;
			remoteInfo = "34th-SOPT-iOS-DanggeunCloneCoding";
		};
		4E036E382BD23CAA0017A9BF /* PBXContainerItemProxy */ = {
			isa = PBXContainerItemProxy;
			containerPortal = 4E036E0F2BD23CA80017A9BF /* Project object */;
			proxyType = 1;
			remoteGlobalIDString = 4E036E162BD23CA80017A9BF;
			remoteInfo = "34th-SOPT-iOS-DanggeunCloneCoding";
		};
/* End PBXContainerItemProxy section */

/* Begin PBXFileReference section */
		4E036E172BD23CA80017A9BF /* 34th-SOPT-iOS-DanggeunCloneCoding.app */ = {isa = PBXFileReference; explicitFileType = wrapper.application; includeInIndex = 0; path = "34th-SOPT-iOS-DanggeunCloneCoding.app"; sourceTree = BUILT_PRODUCTS_DIR; };
		4E036E1A2BD23CA80017A9BF /* AppDelegate.swift */ = {isa = PBXFileReference; lastKnownFileType = sourcecode.swift; path = AppDelegate.swift; sourceTree = "<group>"; };
		4E036E1C2BD23CA80017A9BF /* SceneDelegate.swift */ = {isa = PBXFileReference; lastKnownFileType = sourcecode.swift; path = SceneDelegate.swift; sourceTree = "<group>"; };
		4E036E1E2BD23CA80017A9BF /* ViewController.swift */ = {isa = PBXFileReference; lastKnownFileType = sourcecode.swift; path = ViewController.swift; sourceTree = "<group>"; };
		4E036E232BD23CAA0017A9BF /* Assets.xcassets */ = {isa = PBXFileReference; lastKnownFileType = folder.assetcatalog; path = Assets.xcassets; sourceTree = "<group>"; };
		4E036E262BD23CAA0017A9BF /* Base */ = {isa = PBXFileReference; lastKnownFileType = file.storyboard; name = Base; path = Base.lproj/LaunchScreen.storyboard; sourceTree = "<group>"; };
		4E036E282BD23CAA0017A9BF /* Info.plist */ = {isa = PBXFileReference; lastKnownFileType = text.plist.xml; path = Info.plist; sourceTree = "<group>"; };
		4E036E2D2BD23CAA0017A9BF /* 34th-SOPT-iOS-DanggeunCloneCodingTests.xctest */ = {isa = PBXFileReference; explicitFileType = wrapper.cfbundle; includeInIndex = 0; path = "34th-SOPT-iOS-DanggeunCloneCodingTests.xctest"; sourceTree = BUILT_PRODUCTS_DIR; };
		4E036E312BD23CAA0017A9BF /* _4th_SOPT_iOS_DanggeunCloneCodingTests.swift */ = {isa = PBXFileReference; lastKnownFileType = sourcecode.swift; path = _4th_SOPT_iOS_DanggeunCloneCodingTests.swift; sourceTree = "<group>"; };
		4E036E372BD23CAA0017A9BF /* 34th-SOPT-iOS-DanggeunCloneCodingUITests.xctest */ = {isa = PBXFileReference; explicitFileType = wrapper.cfbundle; includeInIndex = 0; path = "34th-SOPT-iOS-DanggeunCloneCodingUITests.xctest"; sourceTree = BUILT_PRODUCTS_DIR; };
		4E036E3B2BD23CAA0017A9BF /* _4th_SOPT_iOS_DanggeunCloneCodingUITests.swift */ = {isa = PBXFileReference; lastKnownFileType = sourcecode.swift; path = _4th_SOPT_iOS_DanggeunCloneCodingUITests.swift; sourceTree = "<group>"; };
		4E036E3D2BD23CAA0017A9BF /* _4th_SOPT_iOS_DanggeunCloneCodingUITestsLaunchTests.swift */ = {isa = PBXFileReference; lastKnownFileType = sourcecode.swift; path = _4th_SOPT_iOS_DanggeunCloneCodingUITestsLaunchTests.swift; sourceTree = "<group>"; };
		4E036E7F2BD2AC640017A9BF /* .gitignore */ = {isa = PBXFileReference; lastKnownFileType = text; path = .gitignore; sourceTree = "<group>"; };
		4E036E812BD2AE240017A9BF /* WelcomeViewController.swift */ = {isa = PBXFileReference; lastKnownFileType = sourcecode.swift; path = WelcomeViewController.swift; sourceTree = "<group>"; };
		4E036E832BD2AE460017A9BF /* UITextFieldExtensions.swift */ = {isa = PBXFileReference; lastKnownFileType = sourcecode.swift; path = UITextFieldExtensions.swift; sourceTree = "<group>"; };
		4E036E852BD2AE600017A9BF /* UIFontExtension.swift */ = {isa = PBXFileReference; lastKnownFileType = sourcecode.swift; path = UIFontExtension.swift; sourceTree = "<group>"; };
		4E036E872BD2AE740017A9BF /* ScrollViewController.swift */ = {isa = PBXFileReference; lastKnownFileType = sourcecode.swift; path = ScrollViewController.swift; sourceTree = "<group>"; };
		4E036E892BD2AEA40017A9BF /* LoginViewController.swift */ = {isa = PBXFileReference; lastKnownFileType = sourcecode.swift; path = LoginViewController.swift; sourceTree = "<group>"; };
		4E036E8B2BD2AEC00017A9BF /* ColorAssets.swift */ = {isa = PBXFileReference; lastKnownFileType = sourcecode.swift; path = ColorAssets.swift; sourceTree = "<group>"; };
		4E036E912BD2AF090017A9BF /* Pretendard-Medium.otf */ = {isa = PBXFileReference; lastKnownFileType = file; path = "Pretendard-Medium.otf"; sourceTree = "<group>"; };
		4E036E922BD2AF0A0017A9BF /* Pretendard-Bold.otf */ = {isa = PBXFileReference; lastKnownFileType = file; path = "Pretendard-Bold.otf"; sourceTree = "<group>"; };
		4E036E932BD2AF0A0017A9BF /* Pretendard-Black.otf */ = {isa = PBXFileReference; lastKnownFileType = file; path = "Pretendard-Black.otf"; sourceTree = "<group>"; };
		4E036E942BD2AF0A0017A9BF /* Pretendard-ExtraLight.otf */ = {isa = PBXFileReference; lastKnownFileType = file; path = "Pretendard-ExtraLight.otf"; sourceTree = "<group>"; };
		4E036E952BD2AF0A0017A9BF /* Pretendard-ExtraBold.otf */ = {isa = PBXFileReference; lastKnownFileType = file; path = "Pretendard-ExtraBold.otf"; sourceTree = "<group>"; };
		4E036E962BD2AF0B0017A9BF /* Pretendard-Light.otf */ = {isa = PBXFileReference; lastKnownFileType = file; path = "Pretendard-Light.otf"; sourceTree = "<group>"; };
		4E036E972BD2AF0B0017A9BF /* Pretendard-Thin.otf */ = {isa = PBXFileReference; lastKnownFileType = file; path = "Pretendard-Thin.otf"; sourceTree = "<group>"; };
		4E036E982BD2AF0B0017A9BF /* Pretendard-SemiBold.otf */ = {isa = PBXFileReference; lastKnownFileType = file; path = "Pretendard-SemiBold.otf"; sourceTree = "<group>"; };
		4E036E992BD2AF0B0017A9BF /* Pretendard-Regular.otf */ = {isa = PBXFileReference; lastKnownFileType = file; path = "Pretendard-Regular.otf"; sourceTree = "<group>"; };
		4ED058992C01BD6400F5680E /* LoginViewController_DI.swift */ = {isa = PBXFileReference; lastKnownFileType = sourcecode.swift; path = LoginViewController_DI.swift; sourceTree = "<group>"; };
		4ED0589C2C01BD9B00F5680E /* ViewModelType.swift */ = {isa = PBXFileReference; lastKnownFileType = sourcecode.swift; path = ViewModelType.swift; sourceTree = "<group>"; };
		4ED0589E2C01BDBE00F5680E /* LoginViewModel_Rx.swift */ = {isa = PBXFileReference; lastKnownFileType = sourcecode.swift; path = LoginViewModel_Rx.swift; sourceTree = "<group>"; };
		4ED058A02C01BDE300F5680E /* LoginViewController_Rx.swift */ = {isa = PBXFileReference; lastKnownFileType = sourcecode.swift; path = LoginViewController_Rx.swift; sourceTree = "<group>"; };
		4ED058A22C01BE0000F5680E /* LoginViewController_LiveCodingTemplate.swift */ = {isa = PBXFileReference; lastKnownFileType = sourcecode.swift; path = LoginViewController_LiveCodingTemplate.swift; sourceTree = "<group>"; };
		4ED9F3D72BDCCBD600712737 /* Config.swift */ = {isa = PBXFileReference; lastKnownFileType = sourcecode.swift; path = Config.swift; sourceTree = "<group>"; };
		4ED9F3D92BDCCF3800712737 /* NetworkResult.swift */ = {isa = PBXFileReference; lastKnownFileType = sourcecode.swift; path = NetworkResult.swift; sourceTree = "<group>"; };
		4ED9F3DB2BDCCF6300712737 /* MoyaLoggingPlugin.swift */ = {isa = PBXFileReference; lastKnownFileType = sourcecode.swift; path = MoyaLoggingPlugin.swift; sourceTree = "<group>"; };
		4ED9F3DD2BDCCF9800712737 /* SignUpRequestModel.swift */ = {isa = PBXFileReference; lastKnownFileType = sourcecode.swift; path = SignUpRequestModel.swift; sourceTree = "<group>"; };
		4ED9F3DF2BDCCFC900712737 /* SignUpResponseModel.swift */ = {isa = PBXFileReference; lastKnownFileType = sourcecode.swift; path = SignUpResponseModel.swift; sourceTree = "<group>"; };
		4ED9F3E12BDCD00200712737 /* SignUpViewController.swift */ = {isa = PBXFileReference; lastKnownFileType = sourcecode.swift; path = SignUpViewController.swift; sourceTree = "<group>"; };
		4ED9F3E62BDCD0EA00712737 /* UserTargetType.swift */ = {isa = PBXFileReference; lastKnownFileType = sourcecode.swift; path = UserTargetType.swift; sourceTree = "<group>"; };
		4ED9F3E82BDCD10300712737 /* UserService.swift */ = {isa = PBXFileReference; lastKnownFileType = sourcecode.swift; path = UserService.swift; sourceTree = "<group>"; };
		4ED9F3EA2BDCD12500712737 /* CheckUserInfoViewController.swift */ = {isa = PBXFileReference; lastKnownFileType = sourcecode.swift; path = CheckUserInfoViewController.swift; sourceTree = "<group>"; };
		4ED9F3EC2BDCD14000712737 /* UserInfoResponseModel.swift */ = {isa = PBXFileReference; lastKnownFileType = sourcecode.swift; path = UserInfoResponseModel.swift; sourceTree = "<group>"; };
/* End PBXFileReference section */

/* Begin PBXFrameworksBuildPhase section */
		4E036E142BD23CA80017A9BF /* Frameworks */ = {
			isa = PBXFrameworksBuildPhase;
			buildActionMask = 2147483647;
			files = (
				4ED058A82C01C75400F5680E /* RxRelay in Frameworks */,
				4ED9F3D62BDCC52300712737 /* Moya in Frameworks */,
				4ED9F3E52BDCD0CE00712737 /* Then in Frameworks */,
				4ED058A62C01C75400F5680E /* RxCocoa in Frameworks */,
				4E036E8F2BD2AEEF0017A9BF /* SnapKit in Frameworks */,
			);
			runOnlyForDeploymentPostprocessing = 0;
		};
		4E036E2A2BD23CAA0017A9BF /* Frameworks */ = {
			isa = PBXFrameworksBuildPhase;
			buildActionMask = 2147483647;
			files = (
			);
			runOnlyForDeploymentPostprocessing = 0;
		};
		4E036E342BD23CAA0017A9BF /* Frameworks */ = {
			isa = PBXFrameworksBuildPhase;
			buildActionMask = 2147483647;
			files = (
			);
			runOnlyForDeploymentPostprocessing = 0;
		};
/* End PBXFrameworksBuildPhase section */

/* Begin PBXGroup section */
		4E036E0E2BD23CA80017A9BF = {
			isa = PBXGroup;
			children = (
				4E036E192BD23CA80017A9BF /* 34th-SOPT-iOS-DanggeunCloneCoding */,
				4E036E302BD23CAA0017A9BF /* 34th-SOPT-iOS-DanggeunCloneCodingTests */,
				4E036E3A2BD23CAA0017A9BF /* 34th-SOPT-iOS-DanggeunCloneCodingUITests */,
				4E036E182BD23CA80017A9BF /* Products */,
			);
			sourceTree = "<group>";
		};
		4E036E182BD23CA80017A9BF /* Products */ = {
			isa = PBXGroup;
			children = (
				4E036E172BD23CA80017A9BF /* 34th-SOPT-iOS-DanggeunCloneCoding.app */,
				4E036E2D2BD23CAA0017A9BF /* 34th-SOPT-iOS-DanggeunCloneCodingTests.xctest */,
				4E036E372BD23CAA0017A9BF /* 34th-SOPT-iOS-DanggeunCloneCodingUITests.xctest */,
			);
			name = Products;
			sourceTree = "<group>";
		};
		4E036E192BD23CA80017A9BF /* 34th-SOPT-iOS-DanggeunCloneCoding */ = {
			isa = PBXGroup;
			children = (
				4ED058982C01BD4600F5680E /* 7th-Seminar */,
				4E036E7F2BD2AC640017A9BF /* .gitignore */,
				4E036E902BD2AEF90017A9BF /* PretendardFont */,
				4E036E1A2BD23CA80017A9BF /* AppDelegate.swift */,
				4E036E1C2BD23CA80017A9BF /* SceneDelegate.swift */,
				4E036E892BD2AEA40017A9BF /* LoginViewController.swift */,
				4E036E8B2BD2AEC00017A9BF /* ColorAssets.swift */,
				4E036E1E2BD23CA80017A9BF /* ViewController.swift */,
				4E036E812BD2AE240017A9BF /* WelcomeViewController.swift */,
				4E036E832BD2AE460017A9BF /* UITextFieldExtensions.swift */,
				4E036E852BD2AE600017A9BF /* UIFontExtension.swift */,
				4E036E872BD2AE740017A9BF /* ScrollViewController.swift */,
				4E036E232BD23CAA0017A9BF /* Assets.xcassets */,
				4E036E252BD23CAA0017A9BF /* LaunchScreen.storyboard */,
				4E036E282BD23CAA0017A9BF /* Info.plist */,
				4ED9F3EE2BDCD7BF00712737 /* Networking */,
				4ED9F3D72BDCCBD600712737 /* Config.swift */,
				4ED9F3D92BDCCF3800712737 /* NetworkResult.swift */,
				4ED9F3DB2BDCCF6300712737 /* MoyaLoggingPlugin.swift */,
				4ED9F3E12BDCD00200712737 /* SignUpViewController.swift */,
				4ED9F3E62BDCD0EA00712737 /* UserTargetType.swift */,
				4ED9F3E82BDCD10300712737 /* UserService.swift */,
				4ED9F3EA2BDCD12500712737 /* CheckUserInfoViewController.swift */,
			);
			path = "34th-SOPT-iOS-DanggeunCloneCoding";
			sourceTree = "<group>";
		};
		4E036E302BD23CAA0017A9BF /* 34th-SOPT-iOS-DanggeunCloneCodingTests */ = {
			isa = PBXGroup;
			children = (
				4E036E312BD23CAA0017A9BF /* _4th_SOPT_iOS_DanggeunCloneCodingTests.swift */,
			);
			path = "34th-SOPT-iOS-DanggeunCloneCodingTests";
			sourceTree = "<group>";
		};
		4E036E3A2BD23CAA0017A9BF /* 34th-SOPT-iOS-DanggeunCloneCodingUITests */ = {
			isa = PBXGroup;
			children = (
				4E036E3B2BD23CAA0017A9BF /* _4th_SOPT_iOS_DanggeunCloneCodingUITests.swift */,
				4E036E3D2BD23CAA0017A9BF /* _4th_SOPT_iOS_DanggeunCloneCodingUITestsLaunchTests.swift */,
			);
			path = "34th-SOPT-iOS-DanggeunCloneCodingUITests";
			sourceTree = "<group>";
		};
		4E036E902BD2AEF90017A9BF /* PretendardFont */ = {
			isa = PBXGroup;
			children = (
				4E036E972BD2AF0B0017A9BF /* Pretendard-Thin.otf */,
				4E036E942BD2AF0A0017A9BF /* Pretendard-ExtraLight.otf */,
				4E036E962BD2AF0B0017A9BF /* Pretendard-Light.otf */,
				4E036E992BD2AF0B0017A9BF /* Pretendard-Regular.otf */,
				4E036E912BD2AF090017A9BF /* Pretendard-Medium.otf */,
				4E036E982BD2AF0B0017A9BF /* Pretendard-SemiBold.otf */,
				4E036E922BD2AF0A0017A9BF /* Pretendard-Bold.otf */,
				4E036E952BD2AF0A0017A9BF /* Pretendard-ExtraBold.otf */,
				4E036E932BD2AF0A0017A9BF /* Pretendard-Black.otf */,
			);
			path = PretendardFont;
			sourceTree = "<group>";
		};
		4ED058982C01BD4600F5680E /* 7th-Seminar */ = {
			isa = PBXGroup;
			children = (
				4ED058992C01BD6400F5680E /* LoginViewController_DI.swift */,
				4ED0589C2C01BD9B00F5680E /* ViewModelType.swift */,
				4ED0589E2C01BDBE00F5680E /* LoginViewModel_Rx.swift */,
				4ED058A02C01BDE300F5680E /* LoginViewController_Rx.swift */,
				4ED058A22C01BE0000F5680E /* LoginViewController_LiveCodingTemplate.swift */,
			);
			path = "7th-Seminar";
			sourceTree = "<group>";
		};
		4ED9F3EE2BDCD7BF00712737 /* Networking */ = {
			isa = PBXGroup;
			children = (
				4ED9F3EF2BDCD7C800712737 /* Model */,
			);
			path = Networking;
			sourceTree = "<group>";
		};
		4ED9F3EF2BDCD7C800712737 /* Model */ = {
			isa = PBXGroup;
			children = (
				4ED9F3DD2BDCCF9800712737 /* SignUpRequestModel.swift */,
				4ED9F3DF2BDCCFC900712737 /* SignUpResponseModel.swift */,
				4ED9F3EC2BDCD14000712737 /* UserInfoResponseModel.swift */,
			);
			path = Model;
			sourceTree = "<group>";
		};
/* End PBXGroup section */

/* Begin PBXNativeTarget section */
		4E036E162BD23CA80017A9BF /* 34th-SOPT-iOS-DanggeunCloneCoding */ = {
			isa = PBXNativeTarget;
			buildConfigurationList = 4E036E412BD23CAA0017A9BF /* Build configuration list for PBXNativeTarget "34th-SOPT-iOS-DanggeunCloneCoding" */;
			buildPhases = (
				4E036E132BD23CA80017A9BF /* Sources */,
				4E036E142BD23CA80017A9BF /* Frameworks */,
				4E036E152BD23CA80017A9BF /* Resources */,
			);
			buildRules = (
			);
			dependencies = (
			);
			name = "34th-SOPT-iOS-DanggeunCloneCoding";
			packageProductDependencies = (
				4E036E8E2BD2AEEF0017A9BF /* SnapKit */,
				4ED9F3D52BDCC52300712737 /* Moya */,
				4ED9F3E42BDCD0CE00712737 /* Then */,
				4ED058A52C01C75400F5680E /* RxCocoa */,
				4ED058A72C01C75400F5680E /* RxRelay */,
			);
			productName = "34th-SOPT-iOS-DanggeunCloneCoding";
			productReference = 4E036E172BD23CA80017A9BF /* 34th-SOPT-iOS-DanggeunCloneCoding.app */;
			productType = "com.apple.product-type.application";
		};
		4E036E2C2BD23CAA0017A9BF /* 34th-SOPT-iOS-DanggeunCloneCodingTests */ = {
			isa = PBXNativeTarget;
			buildConfigurationList = 4E036E442BD23CAA0017A9BF /* Build configuration list for PBXNativeTarget "34th-SOPT-iOS-DanggeunCloneCodingTests" */;
			buildPhases = (
				4E036E292BD23CAA0017A9BF /* Sources */,
				4E036E2A2BD23CAA0017A9BF /* Frameworks */,
				4E036E2B2BD23CAA0017A9BF /* Resources */,
			);
			buildRules = (
			);
			dependencies = (
				4E036E2F2BD23CAA0017A9BF /* PBXTargetDependency */,
			);
			name = "34th-SOPT-iOS-DanggeunCloneCodingTests";
			productName = "34th-SOPT-iOS-DanggeunCloneCodingTests";
			productReference = 4E036E2D2BD23CAA0017A9BF /* 34th-SOPT-iOS-DanggeunCloneCodingTests.xctest */;
			productType = "com.apple.product-type.bundle.unit-test";
		};
		4E036E362BD23CAA0017A9BF /* 34th-SOPT-iOS-DanggeunCloneCodingUITests */ = {
			isa = PBXNativeTarget;
			buildConfigurationList = 4E036E472BD23CAA0017A9BF /* Build configuration list for PBXNativeTarget "34th-SOPT-iOS-DanggeunCloneCodingUITests" */;
			buildPhases = (
				4E036E332BD23CAA0017A9BF /* Sources */,
				4E036E342BD23CAA0017A9BF /* Frameworks */,
				4E036E352BD23CAA0017A9BF /* Resources */,
			);
			buildRules = (
			);
			dependencies = (
				4E036E392BD23CAA0017A9BF /* PBXTargetDependency */,
			);
			name = "34th-SOPT-iOS-DanggeunCloneCodingUITests";
			productName = "34th-SOPT-iOS-DanggeunCloneCodingUITests";
			productReference = 4E036E372BD23CAA0017A9BF /* 34th-SOPT-iOS-DanggeunCloneCodingUITests.xctest */;
			productType = "com.apple.product-type.bundle.ui-testing";
		};
/* End PBXNativeTarget section */

/* Begin PBXProject section */
		4E036E0F2BD23CA80017A9BF /* Project object */ = {
			isa = PBXProject;
			attributes = {
				BuildIndependentTargetsInParallel = 1;
				LastSwiftUpdateCheck = 1500;
				LastUpgradeCheck = 1500;
				TargetAttributes = {
					4E036E162BD23CA80017A9BF = {
						CreatedOnToolsVersion = 15.0.1;
					};
					4E036E2C2BD23CAA0017A9BF = {
						CreatedOnToolsVersion = 15.0.1;
						TestTargetID = 4E036E162BD23CA80017A9BF;
					};
					4E036E362BD23CAA0017A9BF = {
						CreatedOnToolsVersion = 15.0.1;
						TestTargetID = 4E036E162BD23CA80017A9BF;
					};
				};
			};
			buildConfigurationList = 4E036E122BD23CA80017A9BF /* Build configuration list for PBXProject "34th-SOPT-iOS-DanggeunCloneCoding" */;
			compatibilityVersion = "Xcode 14.0";
			developmentRegion = en;
			hasScannedForEncodings = 0;
			knownRegions = (
				en,
				Base,
			);
			mainGroup = 4E036E0E2BD23CA80017A9BF;
			packageReferences = (
				4E036E8D2BD2AEEF0017A9BF /* XCRemoteSwiftPackageReference "SnapKit" */,
				4ED9F3D42BDCC52300712737 /* XCRemoteSwiftPackageReference "Moya" */,
				4ED9F3E32BDCD0CE00712737 /* XCRemoteSwiftPackageReference "Then" */,
				4ED058A42C01C75400F5680E /* XCRemoteSwiftPackageReference "RxSwift" */,
			);
			productRefGroup = 4E036E182BD23CA80017A9BF /* Products */;
			projectDirPath = "";
			projectRoot = "";
			targets = (
				4E036E162BD23CA80017A9BF /* 34th-SOPT-iOS-DanggeunCloneCoding */,
				4E036E2C2BD23CAA0017A9BF /* 34th-SOPT-iOS-DanggeunCloneCodingTests */,
				4E036E362BD23CAA0017A9BF /* 34th-SOPT-iOS-DanggeunCloneCodingUITests */,
			);
		};
/* End PBXProject section */

/* Begin PBXResourcesBuildPhase section */
		4E036E152BD23CA80017A9BF /* Resources */ = {
			isa = PBXResourcesBuildPhase;
			buildActionMask = 2147483647;
			files = (
				4E036EA12BD2AF500017A9BF /* Pretendard-Bold.otf in Resources */,
				4E036E802BD2AC640017A9BF /* .gitignore in Resources */,
				4E036E272BD23CAA0017A9BF /* LaunchScreen.storyboard in Resources */,
				4E036EA02BD2AF500017A9BF /* Pretendard-ExtraBold.otf in Resources */,
				4E036E9B2BD2AF500017A9BF /* Pretendard-ExtraLight.otf in Resources */,
				4E036EA22BD2AF500017A9BF /* Pretendard-Light.otf in Resources */,
				4E036E9F2BD2AF500017A9BF /* Pretendard-Thin.otf in Resources */,
				4E036E9C2BD2AF500017A9BF /* Pretendard-SemiBold.otf in Resources */,
				4E036E9D2BD2AF500017A9BF /* Pretendard-Regular.otf in Resources */,
				4E036E242BD23CAA0017A9BF /* Assets.xcassets in Resources */,
				4E036E9E2BD2AF500017A9BF /* Pretendard-Black.otf in Resources */,
				4E036E9A2BD2AF500017A9BF /* Pretendard-Medium.otf in Resources */,
			);
			runOnlyForDeploymentPostprocessing = 0;
		};
		4E036E2B2BD23CAA0017A9BF /* Resources */ = {
			isa = PBXResourcesBuildPhase;
			buildActionMask = 2147483647;
			files = (
			);
			runOnlyForDeploymentPostprocessing = 0;
		};
		4E036E352BD23CAA0017A9BF /* Resources */ = {
			isa = PBXResourcesBuildPhase;
			buildActionMask = 2147483647;
			files = (
			);
			runOnlyForDeploymentPostprocessing = 0;
		};
/* End PBXResourcesBuildPhase section */

/* Begin PBXSourcesBuildPhase section */
		4E036E132BD23CA80017A9BF /* Sources */ = {
			isa = PBXSourcesBuildPhase;
			buildActionMask = 2147483647;
			files = (
				4ED9F3DE2BDCCF9800712737 /* SignUpRequestModel.swift in Sources */,
				4E036E1F2BD23CA80017A9BF /* ViewController.swift in Sources */,
				4E036E822BD2AE240017A9BF /* WelcomeViewController.swift in Sources */,
				4ED9F3DA2BDCCF3800712737 /* NetworkResult.swift in Sources */,
				4ED058A12C01BDE300F5680E /* LoginViewController_Rx.swift in Sources */,
				4ED0589F2C01BDBE00F5680E /* LoginViewModel_Rx.swift in Sources */,
				4ED9F3E02BDCCFC900712737 /* SignUpResponseModel.swift in Sources */,
				4E036E842BD2AE460017A9BF /* UITextFieldExtensions.swift in Sources */,
				4ED9F3E92BDCD10300712737 /* UserService.swift in Sources */,
				4E036E882BD2AE740017A9BF /* ScrollViewController.swift in Sources */,
				4ED9F3E72BDCD0EA00712737 /* UserTargetType.swift in Sources */,
				4E036E8A2BD2AEA40017A9BF /* LoginViewController.swift in Sources */,
				4ED9F3DC2BDCCF6300712737 /* MoyaLoggingPlugin.swift in Sources */,
				4ED0589A2C01BD6400F5680E /* LoginViewController_DI.swift in Sources */,
				4ED9F3E22BDCD00200712737 /* SignUpViewController.swift in Sources */,
				4E036E1B2BD23CA80017A9BF /* AppDelegate.swift in Sources */,
				4E036E8C2BD2AEC00017A9BF /* ColorAssets.swift in Sources */,
				4ED9F3EB2BDCD12500712737 /* CheckUserInfoViewController.swift in Sources */,
				4ED9F3D82BDCCBD600712737 /* Config.swift in Sources */,
				4E036E862BD2AE600017A9BF /* UIFontExtension.swift in Sources */,
				4E036E1D2BD23CA80017A9BF /* SceneDelegate.swift in Sources */,
				4ED9F3ED2BDCD14000712737 /* UserInfoResponseModel.swift in Sources */,
				4ED058A32C01BE0000F5680E /* LoginViewController_LiveCodingTemplate.swift in Sources */,
				4ED0589D2C01BD9B00F5680E /* ViewModelType.swift in Sources */,
			);
			runOnlyForDeploymentPostprocessing = 0;
		};
		4E036E292BD23CAA0017A9BF /* Sources */ = {
			isa = PBXSourcesBuildPhase;
			buildActionMask = 2147483647;
			files = (
				4E036E322BD23CAA0017A9BF /* _4th_SOPT_iOS_DanggeunCloneCodingTests.swift in Sources */,
			);
			runOnlyForDeploymentPostprocessing = 0;
		};
		4E036E332BD23CAA0017A9BF /* Sources */ = {
			isa = PBXSourcesBuildPhase;
			buildActionMask = 2147483647;
			files = (
				4E036E3E2BD23CAA0017A9BF /* _4th_SOPT_iOS_DanggeunCloneCodingUITestsLaunchTests.swift in Sources */,
				4E036E3C2BD23CAA0017A9BF /* _4th_SOPT_iOS_DanggeunCloneCodingUITests.swift in Sources */,
			);
			runOnlyForDeploymentPostprocessing = 0;
		};
/* End PBXSourcesBuildPhase section */

/* Begin PBXTargetDependency section */
		4E036E2F2BD23CAA0017A9BF /* PBXTargetDependency */ = {
			isa = PBXTargetDependency;
			target = 4E036E162BD23CA80017A9BF /* 34th-SOPT-iOS-DanggeunCloneCoding */;
			targetProxy = 4E036E2E2BD23CAA0017A9BF /* PBXContainerItemProxy */;
		};
		4E036E392BD23CAA0017A9BF /* PBXTargetDependency */ = {
			isa = PBXTargetDependency;
			target = 4E036E162BD23CA80017A9BF /* 34th-SOPT-iOS-DanggeunCloneCoding */;
			targetProxy = 4E036E382BD23CAA0017A9BF /* PBXContainerItemProxy */;
		};
/* End PBXTargetDependency section */

/* Begin PBXVariantGroup section */
		4E036E252BD23CAA0017A9BF /* LaunchScreen.storyboard */ = {
			isa = PBXVariantGroup;
			children = (
				4E036E262BD23CAA0017A9BF /* Base */,
			);
			name = LaunchScreen.storyboard;
			sourceTree = "<group>";
		};
/* End PBXVariantGroup section */

/* Begin XCBuildConfiguration section */
		4E036E3F2BD23CAA0017A9BF /* Debug */ = {
			isa = XCBuildConfiguration;
			buildSettings = {
				ALWAYS_SEARCH_USER_PATHS = NO;
				ASSETCATALOG_COMPILER_GENERATE_SWIFT_ASSET_SYMBOL_EXTENSIONS = YES;
				CLANG_ANALYZER_NONNULL = YES;
				CLANG_ANALYZER_NUMBER_OBJECT_CONVERSION = YES_AGGRESSIVE;
				CLANG_CXX_LANGUAGE_STANDARD = "gnu++20";
				CLANG_ENABLE_MODULES = YES;
				CLANG_ENABLE_OBJC_ARC = YES;
				CLANG_ENABLE_OBJC_WEAK = YES;
				CLANG_WARN_BLOCK_CAPTURE_AUTORELEASING = YES;
				CLANG_WARN_BOOL_CONVERSION = YES;
				CLANG_WARN_COMMA = YES;
				CLANG_WARN_CONSTANT_CONVERSION = YES;
				CLANG_WARN_DEPRECATED_OBJC_IMPLEMENTATIONS = YES;
				CLANG_WARN_DIRECT_OBJC_ISA_USAGE = YES_ERROR;
				CLANG_WARN_DOCUMENTATION_COMMENTS = YES;
				CLANG_WARN_EMPTY_BODY = YES;
				CLANG_WARN_ENUM_CONVERSION = YES;
				CLANG_WARN_INFINITE_RECURSION = YES;
				CLANG_WARN_INT_CONVERSION = YES;
				CLANG_WARN_NON_LITERAL_NULL_CONVERSION = YES;
				CLANG_WARN_OBJC_IMPLICIT_RETAIN_SELF = YES;
				CLANG_WARN_OBJC_LITERAL_CONVERSION = YES;
				CLANG_WARN_OBJC_ROOT_CLASS = YES_ERROR;
				CLANG_WARN_QUOTED_INCLUDE_IN_FRAMEWORK_HEADER = YES;
				CLANG_WARN_RANGE_LOOP_ANALYSIS = YES;
				CLANG_WARN_STRICT_PROTOTYPES = YES;
				CLANG_WARN_SUSPICIOUS_MOVE = YES;
				CLANG_WARN_UNGUARDED_AVAILABILITY = YES_AGGRESSIVE;
				CLANG_WARN_UNREACHABLE_CODE = YES;
				CLANG_WARN__DUPLICATE_METHOD_MATCH = YES;
				COPY_PHASE_STRIP = NO;
				DEBUG_INFORMATION_FORMAT = dwarf;
				ENABLE_STRICT_OBJC_MSGSEND = YES;
				ENABLE_TESTABILITY = YES;
				ENABLE_USER_SCRIPT_SANDBOXING = YES;
				GCC_C_LANGUAGE_STANDARD = gnu17;
				GCC_DYNAMIC_NO_PIC = NO;
				GCC_NO_COMMON_BLOCKS = YES;
				GCC_OPTIMIZATION_LEVEL = 0;
				GCC_PREPROCESSOR_DEFINITIONS = (
					"DEBUG=1",
					"$(inherited)",
				);
				GCC_WARN_64_TO_32_BIT_CONVERSION = YES;
				GCC_WARN_ABOUT_RETURN_TYPE = YES_ERROR;
				GCC_WARN_UNDECLARED_SELECTOR = YES;
				GCC_WARN_UNINITIALIZED_AUTOS = YES_AGGRESSIVE;
				GCC_WARN_UNUSED_FUNCTION = YES;
				GCC_WARN_UNUSED_VARIABLE = YES;
				IPHONEOS_DEPLOYMENT_TARGET = 17.0;
				LOCALIZATION_PREFERS_STRING_CATALOGS = YES;
				MTL_ENABLE_DEBUG_INFO = INCLUDE_SOURCE;
				MTL_FAST_MATH = YES;
				ONLY_ACTIVE_ARCH = YES;
				SDKROOT = iphoneos;
				SWIFT_ACTIVE_COMPILATION_CONDITIONS = "DEBUG $(inherited)";
				SWIFT_OPTIMIZATION_LEVEL = "-Onone";
			};
			name = Debug;
		};
		4E036E402BD23CAA0017A9BF /* Release */ = {
			isa = XCBuildConfiguration;
			buildSettings = {
				ALWAYS_SEARCH_USER_PATHS = NO;
				ASSETCATALOG_COMPILER_GENERATE_SWIFT_ASSET_SYMBOL_EXTENSIONS = YES;
				CLANG_ANALYZER_NONNULL = YES;
				CLANG_ANALYZER_NUMBER_OBJECT_CONVERSION = YES_AGGRESSIVE;
				CLANG_CXX_LANGUAGE_STANDARD = "gnu++20";
				CLANG_ENABLE_MODULES = YES;
				CLANG_ENABLE_OBJC_ARC = YES;
				CLANG_ENABLE_OBJC_WEAK = YES;
				CLANG_WARN_BLOCK_CAPTURE_AUTORELEASING = YES;
				CLANG_WARN_BOOL_CONVERSION = YES;
				CLANG_WARN_COMMA = YES;
				CLANG_WARN_CONSTANT_CONVERSION = YES;
				CLANG_WARN_DEPRECATED_OBJC_IMPLEMENTATIONS = YES;
				CLANG_WARN_DIRECT_OBJC_ISA_USAGE = YES_ERROR;
				CLANG_WARN_DOCUMENTATION_COMMENTS = YES;
				CLANG_WARN_EMPTY_BODY = YES;
				CLANG_WARN_ENUM_CONVERSION = YES;
				CLANG_WARN_INFINITE_RECURSION = YES;
				CLANG_WARN_INT_CONVERSION = YES;
				CLANG_WARN_NON_LITERAL_NULL_CONVERSION = YES;
				CLANG_WARN_OBJC_IMPLICIT_RETAIN_SELF = YES;
				CLANG_WARN_OBJC_LITERAL_CONVERSION = YES;
				CLANG_WARN_OBJC_ROOT_CLASS = YES_ERROR;
				CLANG_WARN_QUOTED_INCLUDE_IN_FRAMEWORK_HEADER = YES;
				CLANG_WARN_RANGE_LOOP_ANALYSIS = YES;
				CLANG_WARN_STRICT_PROTOTYPES = YES;
				CLANG_WARN_SUSPICIOUS_MOVE = YES;
				CLANG_WARN_UNGUARDED_AVAILABILITY = YES_AGGRESSIVE;
				CLANG_WARN_UNREACHABLE_CODE = YES;
				CLANG_WARN__DUPLICATE_METHOD_MATCH = YES;
				COPY_PHASE_STRIP = NO;
				DEBUG_INFORMATION_FORMAT = "dwarf-with-dsym";
				ENABLE_NS_ASSERTIONS = NO;
				ENABLE_STRICT_OBJC_MSGSEND = YES;
				ENABLE_USER_SCRIPT_SANDBOXING = YES;
				GCC_C_LANGUAGE_STANDARD = gnu17;
				GCC_NO_COMMON_BLOCKS = YES;
				GCC_WARN_64_TO_32_BIT_CONVERSION = YES;
				GCC_WARN_ABOUT_RETURN_TYPE = YES_ERROR;
				GCC_WARN_UNDECLARED_SELECTOR = YES;
				GCC_WARN_UNINITIALIZED_AUTOS = YES_AGGRESSIVE;
				GCC_WARN_UNUSED_FUNCTION = YES;
				GCC_WARN_UNUSED_VARIABLE = YES;
				IPHONEOS_DEPLOYMENT_TARGET = 17.0;
				LOCALIZATION_PREFERS_STRING_CATALOGS = YES;
				MTL_ENABLE_DEBUG_INFO = NO;
				MTL_FAST_MATH = YES;
				SDKROOT = iphoneos;
				SWIFT_COMPILATION_MODE = wholemodule;
				VALIDATE_PRODUCT = YES;
			};
			name = Release;
		};
		4E036E422BD23CAA0017A9BF /* Debug */ = {
			isa = XCBuildConfiguration;
			buildSettings = {
				ASSETCATALOG_COMPILER_APPICON_NAME = AppIcon;
				ASSETCATALOG_COMPILER_GLOBAL_ACCENT_COLOR_NAME = AccentColor;
				BASE_URL = "http://34.64.233.12:8080";
				CODE_SIGN_STYLE = Automatic;
				CURRENT_PROJECT_VERSION = 1;
				DEVELOPMENT_TEAM = 548W892M42;
				GENERATE_INFOPLIST_FILE = YES;
				INFOPLIST_FILE = "34th-SOPT-iOS-DanggeunCloneCoding/Info.plist";
				INFOPLIST_KEY_UIApplicationSupportsIndirectInputEvents = YES;
				INFOPLIST_KEY_UILaunchStoryboardName = LaunchScreen.storyboard;
				INFOPLIST_KEY_UISupportedInterfaceOrientations_iPad = "UIInterfaceOrientationPortrait UIInterfaceOrientationPortraitUpsideDown UIInterfaceOrientationLandscapeLeft UIInterfaceOrientationLandscapeRight";
				INFOPLIST_KEY_UISupportedInterfaceOrientations_iPhone = "UIInterfaceOrientationPortrait UIInterfaceOrientationLandscapeLeft UIInterfaceOrientationLandscapeRight";
				LD_RUNPATH_SEARCH_PATHS = (
					"$(inherited)",
					"@executable_path/Frameworks",
				);
				MARKETING_VERSION = 1.0;
				PRODUCT_BUNDLE_IDENTIFIER = "com.minsung.-4th-SOPT-iOS-DanggeunCloneCoding";
				PRODUCT_NAME = "$(TARGET_NAME)";
				SWIFT_EMIT_LOC_STRINGS = YES;
				SWIFT_VERSION = 5.0;
				TARGETED_DEVICE_FAMILY = "1,2";
			};
			name = Debug;
		};
		4E036E432BD23CAA0017A9BF /* Release */ = {
			isa = XCBuildConfiguration;
			buildSettings = {
				ASSETCATALOG_COMPILER_APPICON_NAME = AppIcon;
				ASSETCATALOG_COMPILER_GLOBAL_ACCENT_COLOR_NAME = AccentColor;
				BASE_URL = "http://34.64.233.12:8080";
				CODE_SIGN_STYLE = Automatic;
				CURRENT_PROJECT_VERSION = 1;
				DEVELOPMENT_TEAM = 548W892M42;
				GENERATE_INFOPLIST_FILE = YES;
				INFOPLIST_FILE = "34th-SOPT-iOS-DanggeunCloneCoding/Info.plist";
				INFOPLIST_KEY_UIApplicationSupportsIndirectInputEvents = YES;
				INFOPLIST_KEY_UILaunchStoryboardName = LaunchScreen.storyboard;
				INFOPLIST_KEY_UISupportedInterfaceOrientations_iPad = "UIInterfaceOrientationPortrait UIInterfaceOrientationPortraitUpsideDown UIInterfaceOrientationLandscapeLeft UIInterfaceOrientationLandscapeRight";
				INFOPLIST_KEY_UISupportedInterfaceOrientations_iPhone = "UIInterfaceOrientationPortrait UIInterfaceOrientationLandscapeLeft UIInterfaceOrientationLandscapeRight";
				LD_RUNPATH_SEARCH_PATHS = (
					"$(inherited)",
					"@executable_path/Frameworks",
				);
				MARKETING_VERSION = 1.0;
				PRODUCT_BUNDLE_IDENTIFIER = "com.minsung.-4th-SOPT-iOS-DanggeunCloneCoding";
				PRODUCT_NAME = "$(TARGET_NAME)";
				SWIFT_EMIT_LOC_STRINGS = YES;
				SWIFT_VERSION = 5.0;
				TARGETED_DEVICE_FAMILY = "1,2";
			};
			name = Release;
		};
		4E036E452BD23CAA0017A9BF /* Debug */ = {
			isa = XCBuildConfiguration;
			buildSettings = {
				ALWAYS_EMBED_SWIFT_STANDARD_LIBRARIES = YES;
				BUNDLE_LOADER = "$(TEST_HOST)";
				CODE_SIGN_STYLE = Automatic;
				CURRENT_PROJECT_VERSION = 1;
				DEVELOPMENT_TEAM = 548W892M42;
				GENERATE_INFOPLIST_FILE = YES;
				IPHONEOS_DEPLOYMENT_TARGET = 17.0;
				MARKETING_VERSION = 1.0;
				PRODUCT_BUNDLE_IDENTIFIER = "com.minsung.-4th-SOPT-iOS-DanggeunCloneCodingTests";
				PRODUCT_NAME = "$(TARGET_NAME)";
				SWIFT_EMIT_LOC_STRINGS = NO;
				SWIFT_VERSION = 5.0;
				TARGETED_DEVICE_FAMILY = "1,2";
				TEST_HOST = "$(BUILT_PRODUCTS_DIR)/34th-SOPT-iOS-DanggeunCloneCoding.app/$(BUNDLE_EXECUTABLE_FOLDER_PATH)/34th-SOPT-iOS-DanggeunCloneCoding";
			};
			name = Debug;
		};
		4E036E462BD23CAA0017A9BF /* Release */ = {
			isa = XCBuildConfiguration;
			buildSettings = {
				ALWAYS_EMBED_SWIFT_STANDARD_LIBRARIES = YES;
				BUNDLE_LOADER = "$(TEST_HOST)";
				CODE_SIGN_STYLE = Automatic;
				CURRENT_PROJECT_VERSION = 1;
				DEVELOPMENT_TEAM = 548W892M42;
				GENERATE_INFOPLIST_FILE = YES;
				IPHONEOS_DEPLOYMENT_TARGET = 17.0;
				MARKETING_VERSION = 1.0;
				PRODUCT_BUNDLE_IDENTIFIER = "com.minsung.-4th-SOPT-iOS-DanggeunCloneCodingTests";
				PRODUCT_NAME = "$(TARGET_NAME)";
				SWIFT_EMIT_LOC_STRINGS = NO;
				SWIFT_VERSION = 5.0;
				TARGETED_DEVICE_FAMILY = "1,2";
				TEST_HOST = "$(BUILT_PRODUCTS_DIR)/34th-SOPT-iOS-DanggeunCloneCoding.app/$(BUNDLE_EXECUTABLE_FOLDER_PATH)/34th-SOPT-iOS-DanggeunCloneCoding";
			};
			name = Release;
		};
		4E036E482BD23CAA0017A9BF /* Debug */ = {
			isa = XCBuildConfiguration;
			buildSettings = {
				ALWAYS_EMBED_SWIFT_STANDARD_LIBRARIES = YES;
				CODE_SIGN_STYLE = Automatic;
				CURRENT_PROJECT_VERSION = 1;
				DEVELOPMENT_TEAM = 548W892M42;
				GENERATE_INFOPLIST_FILE = YES;
				MARKETING_VERSION = 1.0;
				PRODUCT_BUNDLE_IDENTIFIER = "com.minsung.-4th-SOPT-iOS-DanggeunCloneCodingUITests";
				PRODUCT_NAME = "$(TARGET_NAME)";
				SWIFT_EMIT_LOC_STRINGS = NO;
				SWIFT_VERSION = 5.0;
				TARGETED_DEVICE_FAMILY = "1,2";
				TEST_TARGET_NAME = "34th-SOPT-iOS-DanggeunCloneCoding";
			};
			name = Debug;
		};
		4E036E492BD23CAA0017A9BF /* Release */ = {
			isa = XCBuildConfiguration;
			buildSettings = {
				ALWAYS_EMBED_SWIFT_STANDARD_LIBRARIES = YES;
				CODE_SIGN_STYLE = Automatic;
				CURRENT_PROJECT_VERSION = 1;
				DEVELOPMENT_TEAM = 548W892M42;
				GENERATE_INFOPLIST_FILE = YES;
				MARKETING_VERSION = 1.0;
				PRODUCT_BUNDLE_IDENTIFIER = "com.minsung.-4th-SOPT-iOS-DanggeunCloneCodingUITests";
				PRODUCT_NAME = "$(TARGET_NAME)";
				SWIFT_EMIT_LOC_STRINGS = NO;
				SWIFT_VERSION = 5.0;
				TARGETED_DEVICE_FAMILY = "1,2";
				TEST_TARGET_NAME = "34th-SOPT-iOS-DanggeunCloneCoding";
			};
			name = Release;
		};
/* End XCBuildConfiguration section */

/* Begin XCConfigurationList section */
		4E036E122BD23CA80017A9BF /* Build configuration list for PBXProject "34th-SOPT-iOS-DanggeunCloneCoding" */ = {
			isa = XCConfigurationList;
			buildConfigurations = (
				4E036E3F2BD23CAA0017A9BF /* Debug */,
				4E036E402BD23CAA0017A9BF /* Release */,
			);
			defaultConfigurationIsVisible = 0;
			defaultConfigurationName = Release;
		};
		4E036E412BD23CAA0017A9BF /* Build configuration list for PBXNativeTarget "34th-SOPT-iOS-DanggeunCloneCoding" */ = {
			isa = XCConfigurationList;
			buildConfigurations = (
				4E036E422BD23CAA0017A9BF /* Debug */,
				4E036E432BD23CAA0017A9BF /* Release */,
			);
			defaultConfigurationIsVisible = 0;
			defaultConfigurationName = Release;
		};
		4E036E442BD23CAA0017A9BF /* Build configuration list for PBXNativeTarget "34th-SOPT-iOS-DanggeunCloneCodingTests" */ = {
			isa = XCConfigurationList;
			buildConfigurations = (
				4E036E452BD23CAA0017A9BF /* Debug */,
				4E036E462BD23CAA0017A9BF /* Release */,
			);
			defaultConfigurationIsVisible = 0;
			defaultConfigurationName = Release;
		};
		4E036E472BD23CAA0017A9BF /* Build configuration list for PBXNativeTarget "34th-SOPT-iOS-DanggeunCloneCodingUITests" */ = {
			isa = XCConfigurationList;
			buildConfigurations = (
				4E036E482BD23CAA0017A9BF /* Debug */,
				4E036E492BD23CAA0017A9BF /* Release */,
			);
			defaultConfigurationIsVisible = 0;
			defaultConfigurationName = Release;
		};
/* End XCConfigurationList section */

/* Begin XCRemoteSwiftPackageReference section */
		4E036E8D2BD2AEEF0017A9BF /* XCRemoteSwiftPackageReference "SnapKit" */ = {
			isa = XCRemoteSwiftPackageReference;
			repositoryURL = "https://github.com/SnapKit/SnapKit";
			requirement = {
				kind = upToNextMajorVersion;
				minimumVersion = 5.7.1;
			};
		};
		4ED058A42C01C75400F5680E /* XCRemoteSwiftPackageReference "RxSwift" */ = {
			isa = XCRemoteSwiftPackageReference;
			repositoryURL = "https://github.com/ReactiveX/RxSwift";
			requirement = {
				kind = upToNextMajorVersion;
				minimumVersion = 6.7.1;
			};
		};
		4ED9F3D42BDCC52300712737 /* XCRemoteSwiftPackageReference "Moya" */ = {
			isa = XCRemoteSwiftPackageReference;
			repositoryURL = "https://github.com/Moya/Moya";
			requirement = {
				kind = upToNextMajorVersion;
				minimumVersion = 15.0.3;
			};
		};
		4ED9F3E32BDCD0CE00712737 /* XCRemoteSwiftPackageReference "Then" */ = {
			isa = XCRemoteSwiftPackageReference;
			repositoryURL = "https://github.com/devxoul/Then";
			requirement = {
				kind = upToNextMajorVersion;
				minimumVersion = 3.0.0;
			};
		};
/* End XCRemoteSwiftPackageReference section */

/* Begin XCSwiftPackageProductDependency section */
		4E036E8E2BD2AEEF0017A9BF /* SnapKit */ = {
			isa = XCSwiftPackageProductDependency;
			package = 4E036E8D2BD2AEEF0017A9BF /* XCRemoteSwiftPackageReference "SnapKit" */;
			productName = SnapKit;
		};
		4ED058A52C01C75400F5680E /* RxCocoa */ = {
			isa = XCSwiftPackageProductDependency;
			package = 4ED058A42C01C75400F5680E /* XCRemoteSwiftPackageReference "RxSwift" */;
			productName = RxCocoa;
		};
		4ED058A72C01C75400F5680E /* RxRelay */ = {
			isa = XCSwiftPackageProductDependency;
			package = 4ED058A42C01C75400F5680E /* XCRemoteSwiftPackageReference "RxSwift" */;
			productName = RxRelay;
		};
		4ED9F3D52BDCC52300712737 /* Moya */ = {
			isa = XCSwiftPackageProductDependency;
			package = 4ED9F3D42BDCC52300712737 /* XCRemoteSwiftPackageReference "Moya" */;
			productName = Moya;
		};
		4ED9F3E42BDCD0CE00712737 /* Then */ = {
			isa = XCSwiftPackageProductDependency;
			package = 4ED9F3E32BDCD0CE00712737 /* XCRemoteSwiftPackageReference "Then" */;
			productName = Then;
		};
/* End XCSwiftPackageProductDependency section */
	};
	rootObject = 4E036E0F2BD23CA80017A9BF /* Project object */;
}
