// !$*UTF8*$!
{
	archiveVersion = 1;
	classes = {
	};
	objectVersion = 56;
	objects = {

/* Begin PBXBuildFile section */
		4E036E1B2BD23CA80017A9BF /* AppDelegate.swift in Sources */ = {isa = PBXBuildFile; fileRef = 4E036E1A2BD23CA80017A9BF /* AppDelegate.swift */; };
		4E036E1D2BD23CA80017A9BF /* SceneDelegate.swift in Sources */ = {isa = PBXBuildFile; fileRef = 4E036E1C2BD23CA80017A9BF /* SceneDelegate.swift */; };
		4E036E1F2BD23CA80017A9BF /* ViewController.swift in Sources */ = {isa = PBXBuildFile; fileRef = 4E036E1E2BD23CA80017A9BF /* ViewController.swift */; };
		4E036E222BD23CA80017A9BF /* Main.storyboard in Resources */ = {isa = PBXBuildFile; fileRef = 4E036E202BD23CA80017A9BF /* Main.storyboard */; };
		4E036E242BD23CAA0017A9BF /* Assets.xcassets in Resources */ = {isa = PBXBuildFile; fileRef = 4E036E232BD23CAA0017A9BF /* Assets.xcassets */; };
		4E036E272BD23CAA0017A9BF /* LaunchScreen.storyboard in Resources */ = {isa = PBXBuildFile; fileRef = 4E036E252BD23CAA0017A9BF /* LaunchScreen.storyboard */; };
		4E036E322BD23CAA0017A9BF /* _4th_SOPT_iOS_DanggeunCloneCodingTests.swift in Sources */ = {isa = PBXBuildFile; fileRef = 4E036E312BD23CAA0017A9BF /* _4th_SOPT_iOS_DanggeunCloneCodingTests.swift */; };
		4E036E3C2BD23CAA0017A9BF /* _4th_SOPT_iOS_DanggeunCloneCodingUITests.swift in Sources */ = {isa = PBXBuildFile; fileRef = 4E036E3B2BD23CAA0017A9BF /* _4th_SOPT_iOS_DanggeunCloneCodingUITests.swift */; };
		4E036E3E2BD23CAA0017A9BF /* _4th_SOPT_iOS_DanggeunCloneCodingUITestsLaunchTests.swift in Sources */ = {isa = PBXBuildFile; fileRef = 4E036E3D2BD23CAA0017A9BF /* _4th_SOPT_iOS_DanggeunCloneCodingUITestsLaunchTests.swift */; };
		4E036E802BD2AC640017A9BF /* .gitignore in Resources */ = {isa = PBXBuildFile; fileRef = 4E036E7F2BD2AC640017A9BF /* .gitignore */; };
/* End PBXBuildFile section */

/* Begin PBXContainerItemProxy section */
		4E036E2E2BD23CAA0017A9BF /* PBXContainerItemProxy */ = {
			isa = PBXContainerItemProxy;
			containerPortal = 4E036E0F2BD23CA80017A9BF /* Project object */;
			proxyType = 1;
			remoteGlobalIDString = 4E036E162BD23CA80017A9BF;
			remoteInfo = "34th-SOPT-iOS-DanggeunCloneCoding";
		};
		4E036E382BD23CAA0017A9BF /* PBXContainerItemProxy */ = {
			isa = PBXContainerItemProxy;
			containerPortal = 4E036E0F2BD23CA80017A9BF /* Project object */;
			proxyType = 1;
			remoteGlobalIDString = 4E036E162BD23CA80017A9BF;
			remoteInfo = "34th-SOPT-iOS-DanggeunCloneCoding";
		};
/* End PBXContainerItemProxy section */

/* Begin PBXFileReference section */
		4E036E172BD23CA80017A9BF /* 34th-SOPT-iOS-DanggeunCloneCoding.app */ = {isa = PBXFileReference; explicitFileType = wrapper.application; includeInIndex = 0; path = "34th-SOPT-iOS-DanggeunCloneCoding.app"; sourceTree = BUILT_PRODUCTS_DIR; };
		4E036E1A2BD23CA80017A9BF /* AppDelegate.swift */ = {isa = PBXFileReference; lastKnownFileType = sourcecode.swift; path = AppDelegate.swift; sourceTree = "<group>"; };
		4E036E1C2BD23CA80017A9BF /* SceneDelegate.swift */ = {isa = PBXFileReference; lastKnownFileType = sourcecode.swift; path = SceneDelegate.swift; sourceTree = "<group>"; };
		4E036E1E2BD23CA80017A9BF /* ViewController.swift */ = {isa = PBXFileReference; lastKnownFileType = sourcecode.swift; path = ViewController.swift; sourceTree = "<group>"; };
		4E036E212BD23CA80017A9BF /* Base */ = {isa = PBXFileReference; lastKnownFileType = file.storyboard; name = Base; path = Base.lproj/Main.storyboard; sourceTree = "<group>"; };
		4E036E232BD23CAA0017A9BF /* Assets.xcassets */ = {isa = PBXFileReference; lastKnownFileType = folder.assetcatalog; path = Assets.xcassets; sourceTree = "<group>"; };
		4E036E262BD23CAA0017A9BF /* Base */ = {isa = PBXFileReference; lastKnownFileType = file.storyboard; name = Base; path = Base.lproj/LaunchScreen.storyboard; sourceTree = "<group>"; };
		4E036E282BD23CAA0017A9BF /* Info.plist */ = {isa = PBXFileReference; lastKnownFileType = text.plist.xml; path = Info.plist; sourceTree = "<group>"; };
		4E036E2D2BD23CAA0017A9BF /* 34th-SOPT-iOS-DanggeunCloneCodingTests.xctest */ = {isa = PBXFileReference; explicitFileType = wrapper.cfbundle; includeInIndex = 0; path = "34th-SOPT-iOS-DanggeunCloneCodingTests.xctest"; sourceTree = BUILT_PRODUCTS_DIR; };
		4E036E312BD23CAA0017A9BF /* _4th_SOPT_iOS_DanggeunCloneCodingTests.swift */ = {isa = PBXFileReference; lastKnownFileType = sourcecode.swift; path = _4th_SOPT_iOS_DanggeunCloneCodingTests.swift; sourceTree = "<group>"; };
		4E036E372BD23CAA0017A9BF /* 34th-SOPT-iOS-DanggeunCloneCodingUITests.xctest */ = {isa = PBXFileReference; explicitFileType = wrapper.cfbundle; includeInIndex = 0; path = "34th-SOPT-iOS-DanggeunCloneCodingUITests.xctest"; sourceTree = BUILT_PRODUCTS_DIR; };
		4E036E3B2BD23CAA0017A9BF /* _4th_SOPT_iOS_DanggeunCloneCodingUITests.swift */ = {isa = PBXFileReference; lastKnownFileType = sourcecode.swift; path = _4th_SOPT_iOS_DanggeunCloneCodingUITests.swift; sourceTree = "<group>"; };
		4E036E3D2BD23CAA0017A9BF /* _4th_SOPT_iOS_DanggeunCloneCodingUITestsLaunchTests.swift */ = {isa = PBXFileReference; lastKnownFileType = sourcecode.swift; path = _4th_SOPT_iOS_DanggeunCloneCodingUITestsLaunchTests.swift; sourceTree = "<group>"; };
		4E036E7F2BD2AC640017A9BF /* .gitignore */ = {isa = PBXFileReference; lastKnownFileType = text; path = .gitignore; sourceTree = "<group>"; };
/* End PBXFileReference section */

/* Begin PBXFrameworksBuildPhase section */
		4E036E142BD23CA80017A9BF /* Frameworks */ = {
			isa = PBXFrameworksBuildPhase;
			buildActionMask = 2147483647;
			files = (
			);
			runOnlyForDeploymentPostprocessing = 0;
		};
		4E036E2A2BD23CAA0017A9BF /* Frameworks */ = {
			isa = PBXFrameworksBuildPhase;
			buildActionMask = 2147483647;
			files = (
			);
			runOnlyForDeploymentPostprocessing = 0;
		};
		4E036E342BD23CAA0017A9BF /* Frameworks */ = {
			isa = PBXFrameworksBuildPhase;
			buildActionMask = 2147483647;
			files = (
			);
			runOnlyForDeploymentPostprocessing = 0;
		};
/* End PBXFrameworksBuildPhase section */

/* Begin PBXGroup section */
		4E036E0E2BD23CA80017A9BF = {
			isa = PBXGroup;
			children = (
				4E036E192BD23CA80017A9BF /* 34th-SOPT-iOS-DanggeunCloneCoding */,
				4E036E302BD23CAA0017A9BF /* 34th-SOPT-iOS-DanggeunCloneCodingTests */,
				4E036E3A2BD23CAA0017A9BF /* 34th-SOPT-iOS-DanggeunCloneCodingUITests */,
				4E036E182BD23CA80017A9BF /* Products */,
			);
			sourceTree = "<group>";
		};
		4E036E182BD23CA80017A9BF /* Products */ = {
			isa = PBXGroup;
			children = (
				4E036E172BD23CA80017A9BF /* 34th-SOPT-iOS-DanggeunCloneCoding.app */,
				4E036E2D2BD23CAA0017A9BF /* 34th-SOPT-iOS-DanggeunCloneCodingTests.xctest */,
				4E036E372BD23CAA0017A9BF /* 34th-SOPT-iOS-DanggeunCloneCodingUITests.xctest */,
			);
			name = Products;
			sourceTree = "<group>";
		};
		4E036E192BD23CA80017A9BF /* 34th-SOPT-iOS-DanggeunCloneCoding */ = {
			isa = PBXGroup;
			children = (
				4E036E1A2BD23CA80017A9BF /* AppDelegate.swift */,
				4E036E1C2BD23CA80017A9BF /* SceneDelegate.swift */,
				4E036E1E2BD23CA80017A9BF /* ViewController.swift */,
				4E036E202BD23CA80017A9BF /* Main.storyboard */,
				4E036E232BD23CAA0017A9BF /* Assets.xcassets */,
				4E036E252BD23CAA0017A9BF /* LaunchScreen.storyboard */,
				4E036E282BD23CAA0017A9BF /* Info.plist */,
				4E036E7F2BD2AC640017A9BF /* .gitignore */,
			);
			path = "34th-SOPT-iOS-DanggeunCloneCoding";
			sourceTree = "<group>";
		};
		4E036E302BD23CAA0017A9BF /* 34th-SOPT-iOS-DanggeunCloneCodingTests */ = {
			isa = PBXGroup;
			children = (
				4E036E312BD23CAA0017A9BF /* _4th_SOPT_iOS_DanggeunCloneCodingTests.swift */,
			);
			path = "34th-SOPT-iOS-DanggeunCloneCodingTests";
			sourceTree = "<group>";
		};
		4E036E3A2BD23CAA0017A9BF /* 34th-SOPT-iOS-DanggeunCloneCodingUITests */ = {
			isa = PBXGroup;
			children = (
				4E036E3B2BD23CAA0017A9BF /* _4th_SOPT_iOS_DanggeunCloneCodingUITests.swift */,
				4E036E3D2BD23CAA0017A9BF /* _4th_SOPT_iOS_DanggeunCloneCodingUITestsLaunchTests.swift */,
			);
			path = "34th-SOPT-iOS-DanggeunCloneCodingUITests";
			sourceTree = "<group>";
		};
/* End PBXGroup section */

/* Begin PBXNativeTarget section */
		4E036E162BD23CA80017A9BF /* 34th-SOPT-iOS-DanggeunCloneCoding */ = {
			isa = PBXNativeTarget;
			buildConfigurationList = 4E036E412BD23CAA0017A9BF /* Build configuration list for PBXNativeTarget "34th-SOPT-iOS-DanggeunCloneCoding" */;
			buildPhases = (
				4E036E132BD23CA80017A9BF /* Sources */,
				4E036E142BD23CA80017A9BF /* Frameworks */,
				4E036E152BD23CA80017A9BF /* Resources */,
			);
			buildRules = (
			);
			dependencies = (
			);
			name = "34th-SOPT-iOS-DanggeunCloneCoding";
			productName = "34th-SOPT-iOS-DanggeunCloneCoding";
			productReference = 4E036E172BD23CA80017A9BF /* 34th-SOPT-iOS-DanggeunCloneCoding.app */;
			productType = "com.apple.product-type.application";
		};
		4E036E2C2BD23CAA0017A9BF /* 34th-SOPT-iOS-DanggeunCloneCodingTests */ = {
			isa = PBXNativeTarget;
			buildConfigurationList = 4E036E442BD23CAA0017A9BF /* Build configuration list for PBXNativeTarget "34th-SOPT-iOS-DanggeunCloneCodingTests" */;
			buildPhases = (
				4E036E292BD23CAA0017A9BF /* Sources */,
				4E036E2A2BD23CAA0017A9BF /* Frameworks */,
				4E036E2B2BD23CAA0017A9BF /* Resources */,
			);
			buildRules = (
			);
			dependencies = (
				4E036E2F2BD23CAA0017A9BF /* PBXTargetDependency */,
			);
			name = "34th-SOPT-iOS-DanggeunCloneCodingTests";
			productName = "34th-SOPT-iOS-DanggeunCloneCodingTests";
			productReference = 4E036E2D2BD23CAA0017A9BF /* 34th-SOPT-iOS-DanggeunCloneCodingTests.xctest */;
			productType = "com.apple.product-type.bundle.unit-test";
		};
		4E036E362BD23CAA0017A9BF /* 34th-SOPT-iOS-DanggeunCloneCodingUITests */ = {
			isa = PBXNativeTarget;
			buildConfigurationList = 4E036E472BD23CAA0017A9BF /* Build configuration list for PBXNativeTarget "34th-SOPT-iOS-DanggeunCloneCodingUITests" */;
			buildPhases = (
				4E036E332BD23CAA0017A9BF /* Sources */,
				4E036E342BD23CAA0017A9BF /* Frameworks */,
				4E036E352BD23CAA0017A9BF /* Resources */,
			);
			buildRules = (
			);
			dependencies = (
				4E036E392BD23CAA0017A9BF /* PBXTargetDependency */,
			);
			name = "34th-SOPT-iOS-DanggeunCloneCodingUITests";
			productName = "34th-SOPT-iOS-DanggeunCloneCodingUITests";
			productReference = 4E036E372BD23CAA0017A9BF /* 34th-SOPT-iOS-DanggeunCloneCodingUITests.xctest */;
			productType = "com.apple.product-type.bundle.ui-testing";
		};
/* End PBXNativeTarget section */

/* Begin PBXProject section */
		4E036E0F2BD23CA80017A9BF /* Project object */ = {
			isa = PBXProject;
			attributes = {
				BuildIndependentTargetsInParallel = 1;
				LastSwiftUpdateCheck = 1500;
				LastUpgradeCheck = 1500;
				TargetAttributes = {
					4E036E162BD23CA80017A9BF = {
						CreatedOnToolsVersion = 15.0.1;
					};
					4E036E2C2BD23CAA0017A9BF = {
						CreatedOnToolsVersion = 15.0.1;
						TestTargetID = 4E036E162BD23CA80017A9BF;
					};
					4E036E362BD23CAA0017A9BF = {
						CreatedOnToolsVersion = 15.0.1;
						TestTargetID = 4E036E162BD23CA80017A9BF;
					};
				};
			};
			buildConfigurationList = 4E036E122BD23CA80017A9BF /* Build configuration list for PBXProject "34th-SOPT-iOS-DanggeunCloneCoding" */;
			compatibilityVersion = "Xcode 14.0";
			developmentRegion = en;
			hasScannedForEncodings = 0;
			knownRegions = (
				en,
				Base,
			);
			mainGroup = 4E036E0E2BD23CA80017A9BF;
			productRefGroup = 4E036E182BD23CA80017A9BF /* Products */;
			projectDirPath = "";
			projectRoot = "";
			targets = (
				4E036E162BD23CA80017A9BF /* 34th-SOPT-iOS-DanggeunCloneCoding */,
				4E036E2C2BD23CAA0017A9BF /* 34th-SOPT-iOS-DanggeunCloneCodingTests */,
				4E036E362BD23CAA0017A9BF /* 34th-SOPT-iOS-DanggeunCloneCodingUITests */,
			);
		};
/* End PBXProject section */

/* Begin PBXResourcesBuildPhase section */
		4E036E152BD23CA80017A9BF /* Resources */ = {
			isa = PBXResourcesBuildPhase;
			buildActionMask = 2147483647;
			files = (
				4E036E802BD2AC640017A9BF /* .gitignore in Resources */,
				4E036E272BD23CAA0017A9BF /* LaunchScreen.storyboard in Resources */,
				4E036E242BD23CAA0017A9BF /* Assets.xcassets in Resources */,
				4E036E222BD23CA80017A9BF /* Main.storyboard in Resources */,
			);
			runOnlyForDeploymentPostprocessing = 0;
		};
		4E036E2B2BD23CAA0017A9BF /* Resources */ = {
			isa = PBXResourcesBuildPhase;
			buildActionMask = 2147483647;
			files = (
			);
			runOnlyForDeploymentPostprocessing = 0;
		};
		4E036E352BD23CAA0017A9BF /* Resources */ = {
			isa = PBXResourcesBuildPhase;
			buildActionMask = 2147483647;
			files = (
			);
			runOnlyForDeploymentPostprocessing = 0;
		};
/* End PBXResourcesBuildPhase section */

/* Begin PBXSourcesBuildPhase section */
		4E036E132BD23CA80017A9BF /* Sources */ = {
			isa = PBXSourcesBuildPhase;
			buildActionMask = 2147483647;
			files = (
				4E036E1F2BD23CA80017A9BF /* ViewController.swift in Sources */,
				4E036E1B2BD23CA80017A9BF /* AppDelegate.swift in Sources */,
				4E036E1D2BD23CA80017A9BF /* SceneDelegate.swift in Sources */,
			);
			runOnlyForDeploymentPostprocessing = 0;
		};
		4E036E292BD23CAA0017A9BF /* Sources */ = {
			isa = PBXSourcesBuildPhase;
			buildActionMask = 2147483647;
			files = (
				4E036E322BD23CAA0017A9BF /* _4th_SOPT_iOS_DanggeunCloneCodingTests.swift in Sources */,
			);
			runOnlyForDeploymentPostprocessing = 0;
		};
		4E036E332BD23CAA0017A9BF /* Sources */ = {
			isa = PBXSourcesBuildPhase;
			buildActionMask = 2147483647;
			files = (
				4E036E3E2BD23CAA0017A9BF /* _4th_SOPT_iOS_DanggeunCloneCodingUITestsLaunchTests.swift in Sources */,
				4E036E3C2BD23CAA0017A9BF /* _4th_SOPT_iOS_DanggeunCloneCodingUITests.swift in Sources */,
			);
			runOnlyForDeploymentPostprocessing = 0;
		};
/* End PBXSourcesBuildPhase section */

/* Begin PBXTargetDependency section */
		4E036E2F2BD23CAA0017A9BF /* PBXTargetDependency */ = {
			isa = PBXTargetDependency;
			target = 4E036E162BD23CA80017A9BF /* 34th-SOPT-iOS-DanggeunCloneCoding */;
			targetProxy = 4E036E2E2BD23CAA0017A9BF /* PBXContainerItemProxy */;
		};
		4E036E392BD23CAA0017A9BF /* PBXTargetDependency */ = {
			isa = PBXTargetDependency;
			target = 4E036E162BD23CA80017A9BF /* 34th-SOPT-iOS-DanggeunCloneCoding */;
			targetProxy = 4E036E382BD23CAA0017A9BF /* PBXContainerItemProxy */;
		};
/* End PBXTargetDependency section */

/* Begin PBXVariantGroup section */
		4E036E202BD23CA80017A9BF /* Main.storyboard */ = {
			isa = PBXVariantGroup;
			children = (
				4E036E212BD23CA80017A9BF /* Base */,
			);
			name = Main.storyboard;
			sourceTree = "<group>";
		};
		4E036E252BD23CAA0017A9BF /* LaunchScreen.storyboard */ = {
			isa = PBXVariantGroup;
			children = (
				4E036E262BD23CAA0017A9BF /* Base */,
			);
			name = LaunchScreen.storyboard;
			sourceTree = "<group>";
		};
/* End PBXVariantGroup section */

/* Begin XCBuildConfiguration section */
		4E036E3F2BD23CAA0017A9BF /* Debug */ = {
			isa = XCBuildConfiguration;
			buildSettings = {
				ALWAYS_SEARCH_USER_PATHS = NO;
				ASSETCATALOG_COMPILER_GENERATE_SWIFT_ASSET_SYMBOL_EXTENSIONS = YES;
				CLANG_ANALYZER_NONNULL = YES;
				CLANG_ANALYZER_NUMBER_OBJECT_CONVERSION = YES_AGGRESSIVE;
				CLANG_CXX_LANGUAGE_STANDARD = "gnu++20";
				CLANG_ENABLE_MODULES = YES;
				CLANG_ENABLE_OBJC_ARC = YES;
				CLANG_ENABLE_OBJC_WEAK = YES;
				CLANG_WARN_BLOCK_CAPTURE_AUTORELEASING = YES;
				CLANG_WARN_BOOL_CONVERSION = YES;
				CLANG_WARN_COMMA = YES;
				CLANG_WARN_CONSTANT_CONVERSION = YES;
				CLANG_WARN_DEPRECATED_OBJC_IMPLEMENTATIONS = YES;
				CLANG_WARN_DIRECT_OBJC_ISA_USAGE = YES_ERROR;
				CLANG_WARN_DOCUMENTATION_COMMENTS = YES;
				CLANG_WARN_EMPTY_BODY = YES;
				CLANG_WARN_ENUM_CONVERSION = YES;
				CLANG_WARN_INFINITE_RECURSION = YES;
				CLANG_WARN_INT_CONVERSION = YES;
				CLANG_WARN_NON_LITERAL_NULL_CONVERSION = YES;
				CLANG_WARN_OBJC_IMPLICIT_RETAIN_SELF = YES;
				CLANG_WARN_OBJC_LITERAL_CONVERSION = YES;
				CLANG_WARN_OBJC_ROOT_CLASS = YES_ERROR;
				CLANG_WARN_QUOTED_INCLUDE_IN_FRAMEWORK_HEADER = YES;
				CLANG_WARN_RANGE_LOOP_ANALYSIS = YES;
				CLANG_WARN_STRICT_PROTOTYPES = YES;
				CLANG_WARN_SUSPICIOUS_MOVE = YES;
				CLANG_WARN_UNGUARDED_AVAILABILITY = YES_AGGRESSIVE;
				CLANG_WARN_UNREACHABLE_CODE = YES;
				CLANG_WARN__DUPLICATE_METHOD_MATCH = YES;
				COPY_PHASE_STRIP = NO;
				DEBUG_INFORMATION_FORMAT = dwarf;
				ENABLE_STRICT_OBJC_MSGSEND = YES;
				ENABLE_TESTABILITY = YES;
				ENABLE_USER_SCRIPT_SANDBOXING = YES;
				GCC_C_LANGUAGE_STANDARD = gnu17;
				GCC_DYNAMIC_NO_PIC = NO;
				GCC_NO_COMMON_BLOCKS = YES;
				GCC_OPTIMIZATION_LEVEL = 0;
				GCC_PREPROCESSOR_DEFINITIONS = (
					"DEBUG=1",
					"$(inherited)",
				);
				GCC_WARN_64_TO_32_BIT_CONVERSION = YES;
				GCC_WARN_ABOUT_RETURN_TYPE = YES_ERROR;
				GCC_WARN_UNDECLARED_SELECTOR = YES;
				GCC_WARN_UNINITIALIZED_AUTOS = YES_AGGRESSIVE;
				GCC_WARN_UNUSED_FUNCTION = YES;
				GCC_WARN_UNUSED_VARIABLE = YES;
				IPHONEOS_DEPLOYMENT_TARGET = 17.0;
				LOCALIZATION_PREFERS_STRING_CATALOGS = YES;
				MTL_ENABLE_DEBUG_INFO = INCLUDE_SOURCE;
				MTL_FAST_MATH = YES;
				ONLY_ACTIVE_ARCH = YES;
				SDKROOT = iphoneos;
				SWIFT_ACTIVE_COMPILATION_CONDITIONS = "DEBUG $(inherited)";
				SWIFT_OPTIMIZATION_LEVEL = "-Onone";
			};
			name = Debug;
		};
		4E036E402BD23CAA0017A9BF /* Release */ = {
			isa = XCBuildConfiguration;
			buildSettings = {
				ALWAYS_SEARCH_USER_PATHS = NO;
				ASSETCATALOG_COMPILER_GENERATE_SWIFT_ASSET_SYMBOL_EXTENSIONS = YES;
				CLANG_ANALYZER_NONNULL = YES;
				CLANG_ANALYZER_NUMBER_OBJECT_CONVERSION = YES_AGGRESSIVE;
				CLANG_CXX_LANGUAGE_STANDARD = "gnu++20";
				CLANG_ENABLE_MODULES = YES;
				CLANG_ENABLE_OBJC_ARC = YES;
				CLANG_ENABLE_OBJC_WEAK = YES;
				CLANG_WARN_BLOCK_CAPTURE_AUTORELEASING = YES;
				CLANG_WARN_BOOL_CONVERSION = YES;
				CLANG_WARN_COMMA = YES;
				CLANG_WARN_CONSTANT_CONVERSION = YES;
				CLANG_WARN_DEPRECATED_OBJC_IMPLEMENTATIONS = YES;
				CLANG_WARN_DIRECT_OBJC_ISA_USAGE = YES_ERROR;
				CLANG_WARN_DOCUMENTATION_COMMENTS = YES;
				CLANG_WARN_EMPTY_BODY = YES;
				CLANG_WARN_ENUM_CONVERSION = YES;
				CLANG_WARN_INFINITE_RECURSION = YES;
				CLANG_WARN_INT_CONVERSION = YES;
				CLANG_WARN_NON_LITERAL_NULL_CONVERSION = YES;
				CLANG_WARN_OBJC_IMPLICIT_RETAIN_SELF = YES;
				CLANG_WARN_OBJC_LITERAL_CONVERSION = YES;
				CLANG_WARN_OBJC_ROOT_CLASS = YES_ERROR;
				CLANG_WARN_QUOTED_INCLUDE_IN_FRAMEWORK_HEADER = YES;
				CLANG_WARN_RANGE_LOOP_ANALYSIS = YES;
				CLANG_WARN_STRICT_PROTOTYPES = YES;
				CLANG_WARN_SUSPICIOUS_MOVE = YES;
				CLANG_WARN_UNGUARDED_AVAILABILITY = YES_AGGRESSIVE;
				CLANG_WARN_UNREACHABLE_CODE = YES;
				CLANG_WARN__DUPLICATE_METHOD_MATCH = YES;
				COPY_PHASE_STRIP = NO;
				DEBUG_INFORMATION_FORMAT = "dwarf-with-dsym";
				ENABLE_NS_ASSERTIONS = NO;
				ENABLE_STRICT_OBJC_MSGSEND = YES;
				ENABLE_USER_SCRIPT_SANDBOXING = YES;
				GCC_C_LANGUAGE_STANDARD = gnu17;
				GCC_NO_COMMON_BLOCKS = YES;
				GCC_WARN_64_TO_32_BIT_CONVERSION = YES;
				GCC_WARN_ABOUT_RETURN_TYPE = YES_ERROR;
				GCC_WARN_UNDECLARED_SELECTOR = YES;
				GCC_WARN_UNINITIALIZED_AUTOS = YES_AGGRESSIVE;
				GCC_WARN_UNUSED_FUNCTION = YES;
				GCC_WARN_UNUSED_VARIABLE = YES;
				IPHONEOS_DEPLOYMENT_TARGET = 17.0;
				LOCALIZATION_PREFERS_STRING_CATALOGS = YES;
				MTL_ENABLE_DEBUG_INFO = NO;
				MTL_FAST_MATH = YES;
				SDKROOT = iphoneos;
				SWIFT_COMPILATION_MODE = wholemodule;
				VALIDATE_PRODUCT = YES;
			};
			name = Release;
		};
		4E036E422BD23CAA0017A9BF /* Debug */ = {
			isa = XCBuildConfiguration;
			buildSettings = {
				ASSETCATALOG_COMPILER_APPICON_NAME = AppIcon;
				ASSETCATALOG_COMPILER_GLOBAL_ACCENT_COLOR_NAME = AccentColor;
				CODE_SIGN_STYLE = Automatic;
				CURRENT_PROJECT_VERSION = 1;
				DEVELOPMENT_TEAM = 548W892M42;
				GENERATE_INFOPLIST_FILE = YES;
				INFOPLIST_FILE = "34th-SOPT-iOS-DanggeunCloneCoding/Info.plist";
				INFOPLIST_KEY_UIApplicationSupportsIndirectInputEvents = YES;
				INFOPLIST_KEY_UILaunchStoryboardName = LaunchScreen;
				INFOPLIST_KEY_UIMainStoryboardFile = Main;
				INFOPLIST_KEY_UISupportedInterfaceOrientations_iPad = "UIInterfaceOrientationPortrait UIInterfaceOrientationPortraitUpsideDown UIInterfaceOrientationLandscapeLeft UIInterfaceOrientationLandscapeRight";
				INFOPLIST_KEY_UISupportedInterfaceOrientations_iPhone = "UIInterfaceOrientationPortrait UIInterfaceOrientationLandscapeLeft UIInterfaceOrientationLandscapeRight";
				LD_RUNPATH_SEARCH_PATHS = (
					"$(inherited)",
					"@executable_path/Frameworks",
				);
				MARKETING_VERSION = 1.0;
				PRODUCT_BUNDLE_IDENTIFIER = "com.minsung.-4th-SOPT-iOS-DanggeunCloneCoding";
				PRODUCT_NAME = "$(TARGET_NAME)";
				SWIFT_EMIT_LOC_STRINGS = YES;
				SWIFT_VERSION = 5.0;
				TARGETED_DEVICE_FAMILY = "1,2";
			};
			name = Debug;
		};
		4E036E432BD23CAA0017A9BF /* Release */ = {
			isa = XCBuildConfiguration;
			buildSettings = {
				ASSETCATALOG_COMPILER_APPICON_NAME = AppIcon;
				ASSETCATALOG_COMPILER_GLOBAL_ACCENT_COLOR_NAME = AccentColor;
				CODE_SIGN_STYLE = Automatic;
				CURRENT_PROJECT_VERSION = 1;
				DEVELOPMENT_TEAM = 548W892M42;
				GENERATE_INFOPLIST_FILE = YES;
				INFOPLIST_FILE = "34th-SOPT-iOS-DanggeunCloneCoding/Info.plist";
				INFOPLIST_KEY_UIApplicationSupportsIndirectInputEvents = YES;
				INFOPLIST_KEY_UILaunchStoryboardName = LaunchScreen;
				INFOPLIST_KEY_UIMainStoryboardFile = Main;
				INFOPLIST_KEY_UISupportedInterfaceOrientations_iPad = "UIInterfaceOrientationPortrait UIInterfaceOrientationPortraitUpsideDown UIInterfaceOrientationLandscapeLeft UIInterfaceOrientationLandscapeRight";
				INFOPLIST_KEY_UISupportedInterfaceOrientations_iPhone = "UIInterfaceOrientationPortrait UIInterfaceOrientationLandscapeLeft UIInterfaceOrientationLandscapeRight";
				LD_RUNPATH_SEARCH_PATHS = (
					"$(inherited)",
					"@executable_path/Frameworks",
				);
				MARKETING_VERSION = 1.0;
				PRODUCT_BUNDLE_IDENTIFIER = "com.minsung.-4th-SOPT-iOS-DanggeunCloneCoding";
				PRODUCT_NAME = "$(TARGET_NAME)";
				SWIFT_EMIT_LOC_STRINGS = YES;
				SWIFT_VERSION = 5.0;
				TARGETED_DEVICE_FAMILY = "1,2";
			};
			name = Release;
		};
		4E036E452BD23CAA0017A9BF /* Debug */ = {
			isa = XCBuildConfiguration;
			buildSettings = {
				ALWAYS_EMBED_SWIFT_STANDARD_LIBRARIES = YES;
				BUNDLE_LOADER = "$(TEST_HOST)";
				CODE_SIGN_STYLE = Automatic;
				CURRENT_PROJECT_VERSION = 1;
				DEVELOPMENT_TEAM = 548W892M42;
				GENERATE_INFOPLIST_FILE = YES;
				IPHONEOS_DEPLOYMENT_TARGET = 17.0;
				MARKETING_VERSION = 1.0;
				PRODUCT_BUNDLE_IDENTIFIER = "com.minsung.-4th-SOPT-iOS-DanggeunCloneCodingTests";
				PRODUCT_NAME = "$(TARGET_NAME)";
				SWIFT_EMIT_LOC_STRINGS = NO;
				SWIFT_VERSION = 5.0;
				TARGETED_DEVICE_FAMILY = "1,2";
				TEST_HOST = "$(BUILT_PRODUCTS_DIR)/34th-SOPT-iOS-DanggeunCloneCoding.app/$(BUNDLE_EXECUTABLE_FOLDER_PATH)/34th-SOPT-iOS-DanggeunCloneCoding";
			};
			name = Debug;
		};
		4E036E462BD23CAA0017A9BF /* Release */ = {
			isa = XCBuildConfiguration;
			buildSettings = {
				ALWAYS_EMBED_SWIFT_STANDARD_LIBRARIES = YES;
				BUNDLE_LOADER = "$(TEST_HOST)";
				CODE_SIGN_STYLE = Automatic;
				CURRENT_PROJECT_VERSION = 1;
				DEVELOPMENT_TEAM = 548W892M42;
				GENERATE_INFOPLIST_FILE = YES;
				IPHONEOS_DEPLOYMENT_TARGET = 17.0;
				MARKETING_VERSION = 1.0;
				PRODUCT_BUNDLE_IDENTIFIER = "com.minsung.-4th-SOPT-iOS-DanggeunCloneCodingTests";
				PRODUCT_NAME = "$(TARGET_NAME)";
				SWIFT_EMIT_LOC_STRINGS = NO;
				SWIFT_VERSION = 5.0;
				TARGETED_DEVICE_FAMILY = "1,2";
				TEST_HOST = "$(BUILT_PRODUCTS_DIR)/34th-SOPT-iOS-DanggeunCloneCoding.app/$(BUNDLE_EXECUTABLE_FOLDER_PATH)/34th-SOPT-iOS-DanggeunCloneCoding";
			};
			name = Release;
		};
		4E036E482BD23CAA0017A9BF /* Debug */ = {
			isa = XCBuildConfiguration;
			buildSettings = {
				ALWAYS_EMBED_SWIFT_STANDARD_LIBRARIES = YES;
				CODE_SIGN_STYLE = Automatic;
				CURRENT_PROJECT_VERSION = 1;
				DEVELOPMENT_TEAM = 548W892M42;
				GENERATE_INFOPLIST_FILE = YES;
				MARKETING_VERSION = 1.0;
				PRODUCT_BUNDLE_IDENTIFIER = "com.minsung.-4th-SOPT-iOS-DanggeunCloneCodingUITests";
				PRODUCT_NAME = "$(TARGET_NAME)";
				SWIFT_EMIT_LOC_STRINGS = NO;
				SWIFT_VERSION = 5.0;
				TARGETED_DEVICE_FAMILY = "1,2";
				TEST_TARGET_NAME = "34th-SOPT-iOS-DanggeunCloneCoding";
			};
			name = Debug;
		};
		4E036E492BD23CAA0017A9BF /* Release */ = {
			isa = XCBuildConfiguration;
			buildSettings = {
				ALWAYS_EMBED_SWIFT_STANDARD_LIBRARIES = YES;
				CODE_SIGN_STYLE = Automatic;
				CURRENT_PROJECT_VERSION = 1;
				DEVELOPMENT_TEAM = 548W892M42;
				GENERATE_INFOPLIST_FILE = YES;
				MARKETING_VERSION = 1.0;
				PRODUCT_BUNDLE_IDENTIFIER = "com.minsung.-4th-SOPT-iOS-DanggeunCloneCodingUITests";
				PRODUCT_NAME = "$(TARGET_NAME)";
				SWIFT_EMIT_LOC_STRINGS = NO;
				SWIFT_VERSION = 5.0;
				TARGETED_DEVICE_FAMILY = "1,2";
				TEST_TARGET_NAME = "34th-SOPT-iOS-DanggeunCloneCoding";
			};
			name = Release;
		};
/* End XCBuildConfiguration section */

/* Begin XCConfigurationList section */
		4E036E122BD23CA80017A9BF /* Build configuration list for PBXProject "34th-SOPT-iOS-DanggeunCloneCoding" */ = {
			isa = XCConfigurationList;
			buildConfigurations = (
				4E036E3F2BD23CAA0017A9BF /* Debug */,
				4E036E402BD23CAA0017A9BF /* Release */,
			);
			defaultConfigurationIsVisible = 0;
			defaultConfigurationName = Release;
		};
		4E036E412BD23CAA0017A9BF /* Build configuration list for PBXNativeTarget "34th-SOPT-iOS-DanggeunCloneCoding" */ = {
			isa = XCConfigurationList;
			buildConfigurations = (
				4E036E422BD23CAA0017A9BF /* Debug */,
				4E036E432BD23CAA0017A9BF /* Release */,
			);
			defaultConfigurationIsVisible = 0;
			defaultConfigurationName = Release;
		};
		4E036E442BD23CAA0017A9BF /* Build configuration list for PBXNativeTarget "34th-SOPT-iOS-DanggeunCloneCodingTests" */ = {
			isa = XCConfigurationList;
			buildConfigurations = (
				4E036E452BD23CAA0017A9BF /* Debug */,
				4E036E462BD23CAA0017A9BF /* Release */,
			);
			defaultConfigurationIsVisible = 0;
			defaultConfigurationName = Release;
		};
		4E036E472BD23CAA0017A9BF /* Build configuration list for PBXNativeTarget "34th-SOPT-iOS-DanggeunCloneCodingUITests" */ = {
			isa = XCConfigurationList;
			buildConfigurations = (
				4E036E482BD23CAA0017A9BF /* Debug */,
				4E036E492BD23CAA0017A9BF /* Release */,
			);
			defaultConfigurationIsVisible = 0;
			defaultConfigurationName = Release;
		};
/* End XCConfigurationList section */
	};
	rootObject = 4E036E0F2BD23CA80017A9BF /* Project object */;
}
