// !$*UTF8*$!
{
	archiveVersion = 1;
	classes = {
	};
	objectVersion = 56;
	objects = {

/* Begin PBXBuildFile section */
		4EAF3E1D2BBFEE5900D53244 /* AppDelegate.swift in Sources */ = {isa = PBXBuildFile; fileRef = 4EAF3E1C2BBFEE5900D53244 /* AppDelegate.swift */; };
		4EAF3E1F2BBFEE5900D53244 /* SceneDelegate.swift in Sources */ = {isa = PBXBuildFile; fileRef = 4EAF3E1E2BBFEE5900D53244 /* SceneDelegate.swift */; };
		4EAF3E242BBFEE5900D53244 /* Main.storyboard in Resources */ = {isa = PBXBuildFile; fileRef = 4EAF3E222BBFEE5900D53244 /* Main.storyboard */; };
		4EAF3E262BBFEE5B00D53244 /* Assets.xcassets in Resources */ = {isa = PBXBuildFile; fileRef = 4EAF3E252BBFEE5B00D53244 /* Assets.xcassets */; };
		4EAF3E292BBFEE5B00D53244 /* LaunchScreen.storyboard in Resources */ = {isa = PBXBuildFile; fileRef = 4EAF3E272BBFEE5B00D53244 /* LaunchScreen.storyboard */; };
		4EAF3E342BBFEE5B00D53244 /* _4th_SOPT_SeminarTests.swift in Sources */ = {isa = PBXBuildFile; fileRef = 4EAF3E332BBFEE5B00D53244 /* _4th_SOPT_SeminarTests.swift */; };
		4EAF3E3E2BBFEE5B00D53244 /* _4th_SOPT_SeminarUITests.swift in Sources */ = {isa = PBXBuildFile; fileRef = 4EAF3E3D2BBFEE5B00D53244 /* _4th_SOPT_SeminarUITests.swift */; };
		4EAF3E402BBFEE5B00D53244 /* _4th_SOPT_SeminarUITestsLaunchTests.swift in Sources */ = {isa = PBXBuildFile; fileRef = 4EAF3E3F2BBFEE5B00D53244 /* _4th_SOPT_SeminarUITestsLaunchTests.swift */; };
		4EAF3E4D2BBFF08200D53244 /* LoginViewController.swift in Sources */ = {isa = PBXBuildFile; fileRef = 4EAF3E4C2BBFF08200D53244 /* LoginViewController.swift */; };
		4EAF3E4F2BC022B300D53244 /* WelcomeViewController.swift in Sources */ = {isa = PBXBuildFile; fileRef = 4EAF3E4E2BC022B300D53244 /* WelcomeViewController.swift */; };
		4EAF3E532BC029A800D53244 /* UIFontExtensions.swift in Sources */ = {isa = PBXBuildFile; fileRef = 4EAF3E522BC029A800D53244 /* UIFontExtensions.swift */; };
		4EAF3E632BC030CA00D53244 /* Pretendard-SemiBold.otf in Resources */ = {isa = PBXBuildFile; fileRef = 4EAF3E5A2BC030C900D53244 /* Pretendard-SemiBold.otf */; };
		4EAF3E642BC030CA00D53244 /* Pretendard-Medium.otf in Resources */ = {isa = PBXBuildFile; fileRef = 4EAF3E5B2BC030C900D53244 /* Pretendard-Medium.otf */; };
		4EAF3E652BC030CA00D53244 /* Pretendard-Bold.otf in Resources */ = {isa = PBXBuildFile; fileRef = 4EAF3E5C2BC030C900D53244 /* Pretendard-Bold.otf */; };
		4EAF3E662BC030CA00D53244 /* Pretendard-Thin.otf in Resources */ = {isa = PBXBuildFile; fileRef = 4EAF3E5D2BC030C900D53244 /* Pretendard-Thin.otf */; };
		4EAF3E672BC030CA00D53244 /* Pretendard-Light.otf in Resources */ = {isa = PBXBuildFile; fileRef = 4EAF3E5E2BC030C900D53244 /* Pretendard-Light.otf */; };
		4EAF3E682BC030CA00D53244 /* Pretendard-Regular.otf in Resources */ = {isa = PBXBuildFile; fileRef = 4EAF3E5F2BC030CA00D53244 /* Pretendard-Regular.otf */; };
		4EAF3E692BC030CA00D53244 /* Pretendard-ExtraBold.otf in Resources */ = {isa = PBXBuildFile; fileRef = 4EAF3E602BC030CA00D53244 /* Pretendard-ExtraBold.otf */; };
		4EAF3E6A2BC030CA00D53244 /* Pretendard-Black.otf in Resources */ = {isa = PBXBuildFile; fileRef = 4EAF3E612BC030CA00D53244 /* Pretendard-Black.otf */; };
		4EAF3E6B2BC030CA00D53244 /* Pretendard-ExtraLight.otf in Resources */ = {isa = PBXBuildFile; fileRef = 4EAF3E622BC030CA00D53244 /* Pretendard-ExtraLight.otf */; };
		4EAF3E6D2BC0329300D53244 /* ColorAssets.swift in Sources */ = {isa = PBXBuildFile; fileRef = 4EAF3E6C2BC0329300D53244 /* ColorAssets.swift */; };
		4EAF3E842BC114AD00D53244 /* LoginViewController_DelegatePatter.swift in Sources */ = {isa = PBXBuildFile; fileRef = 4EAF3E832BC114AD00D53244 /* LoginViewController_DelegatePatter.swift */; };
		4EAF3E862BC114BF00D53244 /* WelcomeViewController_DelegatePattern.swift in Sources */ = {isa = PBXBuildFile; fileRef = 4EAF3E852BC114BF00D53244 /* WelcomeViewController_DelegatePattern.swift */; };
		4EC0F1F92BC11BA300BCCC36 /* LonginViewController_Closure.swift in Sources */ = {isa = PBXBuildFile; fileRef = 4EC0F1F82BC11BA300BCCC36 /* LonginViewController_Closure.swift */; };
		4EC0F1FB2BC11BBA00BCCC36 /* WelcomeViewController_Closure.swift in Sources */ = {isa = PBXBuildFile; fileRef = 4EC0F1FA2BC11BBA00BCCC36 /* WelcomeViewController_Closure.swift */; };
/* End PBXBuildFile section */

/* Begin PBXContainerItemProxy section */
		4EAF3E302BBFEE5B00D53244 /* PBXContainerItemProxy */ = {
			isa = PBXContainerItemProxy;
			containerPortal = 4EAF3E112BBFEE5900D53244 /* Project object */;
			proxyType = 1;
			remoteGlobalIDString = 4EAF3E182BBFEE5900D53244;
			remoteInfo = "34th-SOPT-Seminar";
		};
		4EAF3E3A2BBFEE5B00D53244 /* PBXContainerItemProxy */ = {
			isa = PBXContainerItemProxy;
			containerPortal = 4EAF3E112BBFEE5900D53244 /* Project object */;
			proxyType = 1;
			remoteGlobalIDString = 4EAF3E182BBFEE5900D53244;
			remoteInfo = "34th-SOPT-Seminar";
		};
/* End PBXContainerItemProxy section */

/* Begin PBXFileReference section */
		4EAF3E192BBFEE5900D53244 /* 34th-SOPT-Seminar.app */ = {isa = PBXFileReference; explicitFileType = wrapper.application; includeInIndex = 0; path = "34th-SOPT-Seminar.app"; sourceTree = BUILT_PRODUCTS_DIR; };
		4EAF3E1C2BBFEE5900D53244 /* AppDelegate.swift */ = {isa = PBXFileReference; lastKnownFileType = sourcecode.swift; path = AppDelegate.swift; sourceTree = "<group>"; };
		4EAF3E1E2BBFEE5900D53244 /* SceneDelegate.swift */ = {isa = PBXFileReference; lastKnownFileType = sourcecode.swift; path = SceneDelegate.swift; sourceTree = "<group>"; };
		4EAF3E232BBFEE5900D53244 /* Base */ = {isa = PBXFileReference; lastKnownFileType = file.storyboard; name = Base; path = Base.lproj/Main.storyboard; sourceTree = "<group>"; };
		4EAF3E252BBFEE5B00D53244 /* Assets.xcassets */ = {isa = PBXFileReference; lastKnownFileType = folder.assetcatalog; path = Assets.xcassets; sourceTree = "<group>"; };
		4EAF3E282BBFEE5B00D53244 /* Base */ = {isa = PBXFileReference; lastKnownFileType = file.storyboard; name = Base; path = Base.lproj/LaunchScreen.storyboard; sourceTree = "<group>"; };
		4EAF3E2A2BBFEE5B00D53244 /* Info.plist */ = {isa = PBXFileReference; lastKnownFileType = text.plist.xml; path = Info.plist; sourceTree = "<group>"; };
		4EAF3E2F2BBFEE5B00D53244 /* 34th-SOPT-SeminarTests.xctest */ = {isa = PBXFileReference; explicitFileType = wrapper.cfbundle; includeInIndex = 0; path = "34th-SOPT-SeminarTests.xctest"; sourceTree = BUILT_PRODUCTS_DIR; };
		4EAF3E332BBFEE5B00D53244 /* _4th_SOPT_SeminarTests.swift */ = {isa = PBXFileReference; lastKnownFileType = sourcecode.swift; path = _4th_SOPT_SeminarTests.swift; sourceTree = "<group>"; };
		4EAF3E392BBFEE5B00D53244 /* 34th-SOPT-SeminarUITests.xctest */ = {isa = PBXFileReference; explicitFileType = wrapper.cfbundle; includeInIndex = 0; path = "34th-SOPT-SeminarUITests.xctest"; sourceTree = BUILT_PRODUCTS_DIR; };
		4EAF3E3D2BBFEE5B00D53244 /* _4th_SOPT_SeminarUITests.swift */ = {isa = PBXFileReference; lastKnownFileType = sourcecode.swift; path = _4th_SOPT_SeminarUITests.swift; sourceTree = "<group>"; };
		4EAF3E3F2BBFEE5B00D53244 /* _4th_SOPT_SeminarUITestsLaunchTests.swift */ = {isa = PBXFileReference; lastKnownFileType = sourcecode.swift; path = _4th_SOPT_SeminarUITestsLaunchTests.swift; sourceTree = "<group>"; };
		4EAF3E4C2BBFF08200D53244 /* LoginViewController.swift */ = {isa = PBXFileReference; lastKnownFileType = sourcecode.swift; path = LoginViewController.swift; sourceTree = "<group>"; };
		4EAF3E4E2BC022B300D53244 /* WelcomeViewController.swift */ = {isa = PBXFileReference; lastKnownFileType = sourcecode.swift; path = WelcomeViewController.swift; sourceTree = "<group>"; };
		4EAF3E522BC029A800D53244 /* UIFontExtensions.swift */ = {isa = PBXFileReference; lastKnownFileType = sourcecode.swift; path = UIFontExtensions.swift; sourceTree = "<group>"; };
		4EAF3E5A2BC030C900D53244 /* Pretendard-SemiBold.otf */ = {isa = PBXFileReference; lastKnownFileType = file; path = "Pretendard-SemiBold.otf"; sourceTree = "<group>"; };
		4EAF3E5B2BC030C900D53244 /* Pretendard-Medium.otf */ = {isa = PBXFileReference; lastKnownFileType = file; path = "Pretendard-Medium.otf"; sourceTree = "<group>"; };
		4EAF3E5C2BC030C900D53244 /* Pretendard-Bold.otf */ = {isa = PBXFileReference; lastKnownFileType = file; path = "Pretendard-Bold.otf"; sourceTree = "<group>"; };
		4EAF3E5D2BC030C900D53244 /* Pretendard-Thin.otf */ = {isa = PBXFileReference; lastKnownFileType = file; path = "Pretendard-Thin.otf"; sourceTree = "<group>"; };
		4EAF3E5E2BC030C900D53244 /* Pretendard-Light.otf */ = {isa = PBXFileReference; lastKnownFileType = file; path = "Pretendard-Light.otf"; sourceTree = "<group>"; };
		4EAF3E5F2BC030CA00D53244 /* Pretendard-Regular.otf */ = {isa = PBXFileReference; lastKnownFileType = file; path = "Pretendard-Regular.otf"; sourceTree = "<group>"; };
		4EAF3E602BC030CA00D53244 /* Pretendard-ExtraBold.otf */ = {isa = PBXFileReference; lastKnownFileType = file; path = "Pretendard-ExtraBold.otf"; sourceTree = "<group>"; };
		4EAF3E612BC030CA00D53244 /* Pretendard-Black.otf */ = {isa = PBXFileReference; lastKnownFileType = file; path = "Pretendard-Black.otf"; sourceTree = "<group>"; };
		4EAF3E622BC030CA00D53244 /* Pretendard-ExtraLight.otf */ = {isa = PBXFileReference; lastKnownFileType = file; path = "Pretendard-ExtraLight.otf"; sourceTree = "<group>"; };
		4EAF3E6C2BC0329300D53244 /* ColorAssets.swift */ = {isa = PBXFileReference; lastKnownFileType = sourcecode.swift; path = ColorAssets.swift; sourceTree = "<group>"; };
		4EAF3E832BC114AD00D53244 /* LoginViewController_DelegatePatter.swift */ = {isa = PBXFileReference; lastKnownFileType = sourcecode.swift; path = LoginViewController_DelegatePatter.swift; sourceTree = "<group>"; };
		4EAF3E852BC114BF00D53244 /* WelcomeViewController_DelegatePattern.swift */ = {isa = PBXFileReference; lastKnownFileType = sourcecode.swift; path = WelcomeViewController_DelegatePattern.swift; sourceTree = "<group>"; };
		4EC0F1F82BC11BA300BCCC36 /* LonginViewController_Closure.swift */ = {isa = PBXFileReference; lastKnownFileType = sourcecode.swift; path = LonginViewController_Closure.swift; sourceTree = "<group>"; };
		4EC0F1FA2BC11BBA00BCCC36 /* WelcomeViewController_Closure.swift */ = {isa = PBXFileReference; lastKnownFileType = sourcecode.swift; path = WelcomeViewController_Closure.swift; sourceTree = "<group>"; };
/* End PBXFileReference section */

/* Begin PBXFrameworksBuildPhase section */
		4EAF3E162BBFEE5900D53244 /* Frameworks */ = {
			isa = PBXFrameworksBuildPhase;
			buildActionMask = 2147483647;
			files = (
			);
			runOnlyForDeploymentPostprocessing = 0;
		};
		4EAF3E2C2BBFEE5B00D53244 /* Frameworks */ = {
			isa = PBXFrameworksBuildPhase;
			buildActionMask = 2147483647;
			files = (
			);
			runOnlyForDeploymentPostprocessing = 0;
		};
		4EAF3E362BBFEE5B00D53244 /* Frameworks */ = {
			isa = PBXFrameworksBuildPhase;
			buildActionMask = 2147483647;
			files = (
			);
			runOnlyForDeploymentPostprocessing = 0;
		};
/* End PBXFrameworksBuildPhase section */

/* Begin PBXGroup section */
		4EAF3E102BBFEE5900D53244 = {
			isa = PBXGroup;
			children = (
				4EAF3E1B2BBFEE5900D53244 /* 34th-SOPT-Seminar */,
				4EAF3E322BBFEE5B00D53244 /* 34th-SOPT-SeminarTests */,
				4EAF3E3C2BBFEE5B00D53244 /* 34th-SOPT-SeminarUITests */,
				4EAF3E1A2BBFEE5900D53244 /* Products */,
			);
			sourceTree = "<group>";
		};
		4EAF3E1A2BBFEE5900D53244 /* Products */ = {
			isa = PBXGroup;
			children = (
				4EAF3E192BBFEE5900D53244 /* 34th-SOPT-Seminar.app */,
				4EAF3E2F2BBFEE5B00D53244 /* 34th-SOPT-SeminarTests.xctest */,
				4EAF3E392BBFEE5B00D53244 /* 34th-SOPT-SeminarUITests.xctest */,
			);
			name = Products;
			sourceTree = "<group>";
		};
		4EAF3E1B2BBFEE5900D53244 /* 34th-SOPT-Seminar */ = {
			isa = PBXGroup;
			children = (
				4EAF3E502BC0297E00D53244 /* PretendardFont */,
				4EAF3E1C2BBFEE5900D53244 /* AppDelegate.swift */,
				4EAF3E1E2BBFEE5900D53244 /* SceneDelegate.swift */,
				4EAF3E4C2BBFF08200D53244 /* LoginViewController.swift */,
				4EAF3E832BC114AD00D53244 /* LoginViewController_DelegatePatter.swift */,
				4EC0F1F82BC11BA300BCCC36 /* LonginViewController_Closure.swift */,
				4EAF3E4E2BC022B300D53244 /* WelcomeViewController.swift */,
				4EAF3E852BC114BF00D53244 /* WelcomeViewController_DelegatePattern.swift */,
				4EC0F1FA2BC11BBA00BCCC36 /* WelcomeViewController_Closure.swift */,
				4EAF3E6C2BC0329300D53244 /* ColorAssets.swift */,
				4EAF3E522BC029A800D53244 /* UIFontExtensions.swift */,
				4EAF3E2A2BBFEE5B00D53244 /* Info.plist */,
				4EAF3E252BBFEE5B00D53244 /* Assets.xcassets */,
				4EAF3E272BBFEE5B00D53244 /* LaunchScreen.storyboard */,
				4EAF3E222BBFEE5900D53244 /* Main.storyboard */,
			);
			path = "34th-SOPT-Seminar";
			sourceTree = "<group>";
		};
		4EAF3E322BBFEE5B00D53244 /* 34th-SOPT-SeminarTests */ = {
			isa = PBXGroup;
			children = (
				4EAF3E332BBFEE5B00D53244 /* _4th_SOPT_SeminarTests.swift */,
			);
			path = "34th-SOPT-SeminarTests";
			sourceTree = "<group>";
		};
		4EAF3E3C2BBFEE5B00D53244 /* 34th-SOPT-SeminarUITests */ = {
			isa = PBXGroup;
			children = (
				4EAF3E3D2BBFEE5B00D53244 /* _4th_SOPT_SeminarUITests.swift */,
				4EAF3E3F2BBFEE5B00D53244 /* _4th_SOPT_SeminarUITestsLaunchTests.swift */,
			);
			path = "34th-SOPT-SeminarUITests";
			sourceTree = "<group>";
		};
		4EAF3E502BC0297E00D53244 /* PretendardFont */ = {
			isa = PBXGroup;
			children = (
				4EAF3E5D2BC030C900D53244 /* Pretendard-Thin.otf */,
				4EAF3E622BC030CA00D53244 /* Pretendard-ExtraLight.otf */,
				4EAF3E5E2BC030C900D53244 /* Pretendard-Light.otf */,
				4EAF3E5F2BC030CA00D53244 /* Pretendard-Regular.otf */,
				4EAF3E5B2BC030C900D53244 /* Pretendard-Medium.otf */,
				4EAF3E5A2BC030C900D53244 /* Pretendard-SemiBold.otf */,
				4EAF3E5C2BC030C900D53244 /* Pretendard-Bold.otf */,
				4EAF3E602BC030CA00D53244 /* Pretendard-ExtraBold.otf */,
				4EAF3E612BC030CA00D53244 /* Pretendard-Black.otf */,
			);
			path = PretendardFont;
			sourceTree = "<group>";
		};
/* End PBXGroup section */

/* Begin PBXNativeTarget section */
		4EAF3E182BBFEE5900D53244 /* 34th-SOPT-Seminar */ = {
			isa = PBXNativeTarget;
			buildConfigurationList = 4EAF3E432BBFEE5B00D53244 /* Build configuration list for PBXNativeTarget "34th-SOPT-Seminar" */;
			buildPhases = (
				4EAF3E152BBFEE5900D53244 /* Sources */,
				4EAF3E162BBFEE5900D53244 /* Frameworks */,
				4EAF3E172BBFEE5900D53244 /* Resources */,
			);
			buildRules = (
			);
			dependencies = (
			);
			name = "34th-SOPT-Seminar";
			productName = "34th-SOPT-Seminar";
			productReference = 4EAF3E192BBFEE5900D53244 /* 34th-SOPT-Seminar.app */;
			productType = "com.apple.product-type.application";
		};
		4EAF3E2E2BBFEE5B00D53244 /* 34th-SOPT-SeminarTests */ = {
			isa = PBXNativeTarget;
			buildConfigurationList = 4EAF3E462BBFEE5B00D53244 /* Build configuration list for PBXNativeTarget "34th-SOPT-SeminarTests" */;
			buildPhases = (
				4EAF3E2B2BBFEE5B00D53244 /* Sources */,
				4EAF3E2C2BBFEE5B00D53244 /* Frameworks */,
				4EAF3E2D2BBFEE5B00D53244 /* Resources */,
			);
			buildRules = (
			);
			dependencies = (
				4EAF3E312BBFEE5B00D53244 /* PBXTargetDependency */,
			);
			name = "34th-SOPT-SeminarTests";
			productName = "34th-SOPT-SeminarTests";
			productReference = 4EAF3E2F2BBFEE5B00D53244 /* 34th-SOPT-SeminarTests.xctest */;
			productType = "com.apple.product-type.bundle.unit-test";
		};
		4EAF3E382BBFEE5B00D53244 /* 34th-SOPT-SeminarUITests */ = {
			isa = PBXNativeTarget;
			buildConfigurationList = 4EAF3E492BBFEE5B00D53244 /* Build configuration list for PBXNativeTarget "34th-SOPT-SeminarUITests" */;
			buildPhases = (
				4EAF3E352BBFEE5B00D53244 /* Sources */,
				4EAF3E362BBFEE5B00D53244 /* Frameworks */,
				4EAF3E372BBFEE5B00D53244 /* Resources */,
			);
			buildRules = (
			);
			dependencies = (
				4EAF3E3B2BBFEE5B00D53244 /* PBXTargetDependency */,
			);
			name = "34th-SOPT-SeminarUITests";
			productName = "34th-SOPT-SeminarUITests";
			productReference = 4EAF3E392BBFEE5B00D53244 /* 34th-SOPT-SeminarUITests.xctest */;
			productType = "com.apple.product-type.bundle.ui-testing";
		};
/* End PBXNativeTarget section */

/* Begin PBXProject section */
		4EAF3E112BBFEE5900D53244 /* Project object */ = {
			isa = PBXProject;
			attributes = {
				BuildIndependentTargetsInParallel = 1;
				LastSwiftUpdateCheck = 1500;
				LastUpgradeCheck = 1500;
				TargetAttributes = {
					4EAF3E182BBFEE5900D53244 = {
						CreatedOnToolsVersion = 15.0.1;
					};
					4EAF3E2E2BBFEE5B00D53244 = {
						CreatedOnToolsVersion = 15.0.1;
						TestTargetID = 4EAF3E182BBFEE5900D53244;
					};
					4EAF3E382BBFEE5B00D53244 = {
						CreatedOnToolsVersion = 15.0.1;
						TestTargetID = 4EAF3E182BBFEE5900D53244;
					};
				};
			};
			buildConfigurationList = 4EAF3E142BBFEE5900D53244 /* Build configuration list for PBXProject "34th-SOPT-Seminar" */;
			compatibilityVersion = "Xcode 14.0";
			developmentRegion = en;
			hasScannedForEncodings = 0;
			knownRegions = (
				en,
				Base,
			);
			mainGroup = 4EAF3E102BBFEE5900D53244;
			productRefGroup = 4EAF3E1A2BBFEE5900D53244 /* Products */;
			projectDirPath = "";
			projectRoot = "";
			targets = (
				4EAF3E182BBFEE5900D53244 /* 34th-SOPT-Seminar */,
				4EAF3E2E2BBFEE5B00D53244 /* 34th-SOPT-SeminarTests */,
				4EAF3E382BBFEE5B00D53244 /* 34th-SOPT-SeminarUITests */,
			);
		};
/* End PBXProject section */

/* Begin PBXResourcesBuildPhase section */
		4EAF3E172BBFEE5900D53244 /* Resources */ = {
			isa = PBXResourcesBuildPhase;
			buildActionMask = 2147483647;
			files = (
				4EAF3E292BBFEE5B00D53244 /* LaunchScreen.storyboard in Resources */,
				4EAF3E672BC030CA00D53244 /* Pretendard-Light.otf in Resources */,
				4EAF3E692BC030CA00D53244 /* Pretendard-ExtraBold.otf in Resources */,
				4EAF3E652BC030CA00D53244 /* Pretendard-Bold.otf in Resources */,
				4EAF3E662BC030CA00D53244 /* Pretendard-Thin.otf in Resources */,
				4EAF3E682BC030CA00D53244 /* Pretendard-Regular.otf in Resources */,
				4EAF3E6B2BC030CA00D53244 /* Pretendard-ExtraLight.otf in Resources */,
				4EAF3E6A2BC030CA00D53244 /* Pretendard-Black.otf in Resources */,
				4EAF3E642BC030CA00D53244 /* Pretendard-Medium.otf in Resources */,
				4EAF3E262BBFEE5B00D53244 /* Assets.xcassets in Resources */,
				4EAF3E242BBFEE5900D53244 /* Main.storyboard in Resources */,
				4EAF3E632BC030CA00D53244 /* Pretendard-SemiBold.otf in Resources */,
			);
			runOnlyForDeploymentPostprocessing = 0;
		};
		4EAF3E2D2BBFEE5B00D53244 /* Resources */ = {
			isa = PBXResourcesBuildPhase;
			buildActionMask = 2147483647;
			files = (
			);
			runOnlyForDeploymentPostprocessing = 0;
		};
		4EAF3E372BBFEE5B00D53244 /* Resources */ = {
			isa = PBXResourcesBuildPhase;
			buildActionMask = 2147483647;
			files = (
			);
			runOnlyForDeploymentPostprocessing = 0;
		};
/* End PBXResourcesBuildPhase section */

/* Begin PBXSourcesBuildPhase section */
		4EAF3E152BBFEE5900D53244 /* Sources */ = {
			isa = PBXSourcesBuildPhase;
			buildActionMask = 2147483647;
			files = (
				4EAF3E842BC114AD00D53244 /* LoginViewController_DelegatePatter.swift in Sources */,
				4EC0F1F92BC11BA300BCCC36 /* LonginViewController_Closure.swift in Sources */,
				4EAF3E862BC114BF00D53244 /* WelcomeViewController_DelegatePattern.swift in Sources */,
				4EC0F1FB2BC11BBA00BCCC36 /* WelcomeViewController_Closure.swift in Sources */,
				4EAF3E6D2BC0329300D53244 /* ColorAssets.swift in Sources */,
				4EAF3E4D2BBFF08200D53244 /* LoginViewController.swift in Sources */,
				4EAF3E4F2BC022B300D53244 /* WelcomeViewController.swift in Sources */,
				4EAF3E532BC029A800D53244 /* UIFontExtensions.swift in Sources */,
				4EAF3E1D2BBFEE5900D53244 /* AppDelegate.swift in Sources */,
				4EAF3E1F2BBFEE5900D53244 /* SceneDelegate.swift in Sources */,
			);
			runOnlyForDeploymentPostprocessing = 0;
		};
		4EAF3E2B2BBFEE5B00D53244 /* Sources */ = {
			isa = PBXSourcesBuildPhase;
			buildActionMask = 2147483647;
			files = (
				4EAF3E342BBFEE5B00D53244 /* _4th_SOPT_SeminarTests.swift in Sources */,
			);
			runOnlyForDeploymentPostprocessing = 0;
		};
		4EAF3E352BBFEE5B00D53244 /* Sources */ = {
			isa = PBXSourcesBuildPhase;
			buildActionMask = 2147483647;
			files = (
				4EAF3E3E2BBFEE5B00D53244 /* _4th_SOPT_SeminarUITests.swift in Sources */,
				4EAF3E402BBFEE5B00D53244 /* _4th_SOPT_SeminarUITestsLaunchTests.swift in Sources */,
			);
			runOnlyForDeploymentPostprocessing = 0;
		};
/* End PBXSourcesBuildPhase section */

/* Begin PBXTargetDependency section */
		4EAF3E312BBFEE5B00D53244 /* PBXTargetDependency */ = {
			isa = PBXTargetDependency;
			target = 4EAF3E182BBFEE5900D53244 /* 34th-SOPT-Seminar */;
			targetProxy = 4EAF3E302BBFEE5B00D53244 /* PBXContainerItemProxy */;
		};
		4EAF3E3B2BBFEE5B00D53244 /* PBXTargetDependency */ = {
			isa = PBXTargetDependency;
			target = 4EAF3E182BBFEE5900D53244 /* 34th-SOPT-Seminar */;
			targetProxy = 4EAF3E3A2BBFEE5B00D53244 /* PBXContainerItemProxy */;
		};
/* End PBXTargetDependency section */

/* Begin PBXVariantGroup section */
		4EAF3E222BBFEE5900D53244 /* Main.storyboard */ = {
			isa = PBXVariantGroup;
			children = (
				4EAF3E232BBFEE5900D53244 /* Base */,
			);
			name = Main.storyboard;
			sourceTree = "<group>";
		};
		4EAF3E272BBFEE5B00D53244 /* LaunchScreen.storyboard */ = {
			isa = PBXVariantGroup;
			children = (
				4EAF3E282BBFEE5B00D53244 /* Base */,
			);
			name = LaunchScreen.storyboard;
			sourceTree = "<group>";
		};
/* End PBXVariantGroup section */

/* Begin XCBuildConfiguration section */
		4EAF3E412BBFEE5B00D53244 /* Debug */ = {
			isa = XCBuildConfiguration;
			buildSettings = {
				ALWAYS_SEARCH_USER_PATHS = NO;
				ASSETCATALOG_COMPILER_GENERATE_SWIFT_ASSET_SYMBOL_EXTENSIONS = YES;
				CLANG_ANALYZER_NONNULL = YES;
				CLANG_ANALYZER_NUMBER_OBJECT_CONVERSION = YES_AGGRESSIVE;
				CLANG_CXX_LANGUAGE_STANDARD = "gnu++20";
				CLANG_ENABLE_MODULES = YES;
				CLANG_ENABLE_OBJC_ARC = YES;
				CLANG_ENABLE_OBJC_WEAK = YES;
				CLANG_WARN_BLOCK_CAPTURE_AUTORELEASING = YES;
				CLANG_WARN_BOOL_CONVERSION = YES;
				CLANG_WARN_COMMA = YES;
				CLANG_WARN_CONSTANT_CONVERSION = YES;
				CLANG_WARN_DEPRECATED_OBJC_IMPLEMENTATIONS = YES;
				CLANG_WARN_DIRECT_OBJC_ISA_USAGE = YES_ERROR;
				CLANG_WARN_DOCUMENTATION_COMMENTS = YES;
				CLANG_WARN_EMPTY_BODY = YES;
				CLANG_WARN_ENUM_CONVERSION = YES;
				CLANG_WARN_INFINITE_RECURSION = YES;
				CLANG_WARN_INT_CONVERSION = YES;
				CLANG_WARN_NON_LITERAL_NULL_CONVERSION = YES;
				CLANG_WARN_OBJC_IMPLICIT_RETAIN_SELF = YES;
				CLANG_WARN_OBJC_LITERAL_CONVERSION = YES;
				CLANG_WARN_OBJC_ROOT_CLASS = YES_ERROR;
				CLANG_WARN_QUOTED_INCLUDE_IN_FRAMEWORK_HEADER = YES;
				CLANG_WARN_RANGE_LOOP_ANALYSIS = YES;
				CLANG_WARN_STRICT_PROTOTYPES = YES;
				CLANG_WARN_SUSPICIOUS_MOVE = YES;
				CLANG_WARN_UNGUARDED_AVAILABILITY = YES_AGGRESSIVE;
				CLANG_WARN_UNREACHABLE_CODE = YES;
				CLANG_WARN__DUPLICATE_METHOD_MATCH = YES;
				COPY_PHASE_STRIP = NO;
				DEBUG_INFORMATION_FORMAT = dwarf;
				ENABLE_STRICT_OBJC_MSGSEND = YES;
				ENABLE_TESTABILITY = YES;
				ENABLE_USER_SCRIPT_SANDBOXING = YES;
				GCC_C_LANGUAGE_STANDARD = gnu17;
				GCC_DYNAMIC_NO_PIC = NO;
				GCC_NO_COMMON_BLOCKS = YES;
				GCC_OPTIMIZATION_LEVEL = 0;
				GCC_PREPROCESSOR_DEFINITIONS = (
					"DEBUG=1",
					"$(inherited)",
				);
				GCC_WARN_64_TO_32_BIT_CONVERSION = YES;
				GCC_WARN_ABOUT_RETURN_TYPE = YES_ERROR;
				GCC_WARN_UNDECLARED_SELECTOR = YES;
				GCC_WARN_UNINITIALIZED_AUTOS = YES_AGGRESSIVE;
				GCC_WARN_UNUSED_FUNCTION = YES;
				GCC_WARN_UNUSED_VARIABLE = YES;
				IPHONEOS_DEPLOYMENT_TARGET = 17.0;
				LOCALIZATION_PREFERS_STRING_CATALOGS = YES;
				MTL_ENABLE_DEBUG_INFO = INCLUDE_SOURCE;
				MTL_FAST_MATH = YES;
				ONLY_ACTIVE_ARCH = YES;
				SDKROOT = iphoneos;
				SWIFT_ACTIVE_COMPILATION_CONDITIONS = "DEBUG $(inherited)";
				SWIFT_OPTIMIZATION_LEVEL = "-Onone";
			};
			name = Debug;
		};
		4EAF3E422BBFEE5B00D53244 /* Release */ = {
			isa = XCBuildConfiguration;
			buildSettings = {
				ALWAYS_SEARCH_USER_PATHS = NO;
				ASSETCATALOG_COMPILER_GENERATE_SWIFT_ASSET_SYMBOL_EXTENSIONS = YES;
				CLANG_ANALYZER_NONNULL = YES;
				CLANG_ANALYZER_NUMBER_OBJECT_CONVERSION = YES_AGGRESSIVE;
				CLANG_CXX_LANGUAGE_STANDARD = "gnu++20";
				CLANG_ENABLE_MODULES = YES;
				CLANG_ENABLE_OBJC_ARC = YES;
				CLANG_ENABLE_OBJC_WEAK = YES;
				CLANG_WARN_BLOCK_CAPTURE_AUTORELEASING = YES;
				CLANG_WARN_BOOL_CONVERSION = YES;
				CLANG_WARN_COMMA = YES;
				CLANG_WARN_CONSTANT_CONVERSION = YES;
				CLANG_WARN_DEPRECATED_OBJC_IMPLEMENTATIONS = YES;
				CLANG_WARN_DIRECT_OBJC_ISA_USAGE = YES_ERROR;
				CLANG_WARN_DOCUMENTATION_COMMENTS = YES;
				CLANG_WARN_EMPTY_BODY = YES;
				CLANG_WARN_ENUM_CONVERSION = YES;
				CLANG_WARN_INFINITE_RECURSION = YES;
				CLANG_WARN_INT_CONVERSION = YES;
				CLANG_WARN_NON_LITERAL_NULL_CONVERSION = YES;
				CLANG_WARN_OBJC_IMPLICIT_RETAIN_SELF = YES;
				CLANG_WARN_OBJC_LITERAL_CONVERSION = YES;
				CLANG_WARN_OBJC_ROOT_CLASS = YES_ERROR;
				CLANG_WARN_QUOTED_INCLUDE_IN_FRAMEWORK_HEADER = YES;
				CLANG_WARN_RANGE_LOOP_ANALYSIS = YES;
				CLANG_WARN_STRICT_PROTOTYPES = YES;
				CLANG_WARN_SUSPICIOUS_MOVE = YES;
				CLANG_WARN_UNGUARDED_AVAILABILITY = YES_AGGRESSIVE;
				CLANG_WARN_UNREACHABLE_CODE = YES;
				CLANG_WARN__DUPLICATE_METHOD_MATCH = YES;
				COPY_PHASE_STRIP = NO;
				DEBUG_INFORMATION_FORMAT = "dwarf-with-dsym";
				ENABLE_NS_ASSERTIONS = NO;
				ENABLE_STRICT_OBJC_MSGSEND = YES;
				ENABLE_USER_SCRIPT_SANDBOXING = YES;
				GCC_C_LANGUAGE_STANDARD = gnu17;
				GCC_NO_COMMON_BLOCKS = YES;
				GCC_WARN_64_TO_32_BIT_CONVERSION = YES;
				GCC_WARN_ABOUT_RETURN_TYPE = YES_ERROR;
				GCC_WARN_UNDECLARED_SELECTOR = YES;
				GCC_WARN_UNINITIALIZED_AUTOS = YES_AGGRESSIVE;
				GCC_WARN_UNUSED_FUNCTION = YES;
				GCC_WARN_UNUSED_VARIABLE = YES;
				IPHONEOS_DEPLOYMENT_TARGET = 17.0;
				LOCALIZATION_PREFERS_STRING_CATALOGS = YES;
				MTL_ENABLE_DEBUG_INFO = NO;
				MTL_FAST_MATH = YES;
				SDKROOT = iphoneos;
				SWIFT_COMPILATION_MODE = wholemodule;
				VALIDATE_PRODUCT = YES;
			};
			name = Release;
		};
		4EAF3E442BBFEE5B00D53244 /* Debug */ = {
			isa = XCBuildConfiguration;
			buildSettings = {
				ASSETCATALOG_COMPILER_APPICON_NAME = AppIcon;
				ASSETCATALOG_COMPILER_GLOBAL_ACCENT_COLOR_NAME = AccentColor;
				CODE_SIGN_STYLE = Automatic;
				CURRENT_PROJECT_VERSION = 1;
				DEVELOPMENT_TEAM = 548W892M42;
				GENERATE_INFOPLIST_FILE = YES;
				INFOPLIST_FILE = "34th-SOPT-Seminar/Info.plist";
				INFOPLIST_KEY_UIApplicationSupportsIndirectInputEvents = YES;
				INFOPLIST_KEY_UILaunchStoryboardName = LaunchScreen;
				INFOPLIST_KEY_UIMainStoryboardFile = Main;
				INFOPLIST_KEY_UISupportedInterfaceOrientations_iPad = "UIInterfaceOrientationPortrait UIInterfaceOrientationPortraitUpsideDown UIInterfaceOrientationLandscapeLeft UIInterfaceOrientationLandscapeRight";
				INFOPLIST_KEY_UISupportedInterfaceOrientations_iPhone = "UIInterfaceOrientationPortrait UIInterfaceOrientationLandscapeLeft UIInterfaceOrientationLandscapeRight";
				LD_RUNPATH_SEARCH_PATHS = (
					"$(inherited)",
					"@executable_path/Frameworks",
				);
				MARKETING_VERSION = 1.0;
				PRODUCT_BUNDLE_IDENTIFIER = "com.minsung.-4th-SOPT-Seminar";
				PRODUCT_NAME = "$(TARGET_NAME)";
				SWIFT_EMIT_LOC_STRINGS = YES;
				SWIFT_VERSION = 5.0;
				TARGETED_DEVICE_FAMILY = "1,2";
			};
			name = Debug;
		};
		4EAF3E452BBFEE5B00D53244 /* Release */ = {
			isa = XCBuildConfiguration;
			buildSettings = {
				ASSETCATALOG_COMPILER_APPICON_NAME = AppIcon;
				ASSETCATALOG_COMPILER_GLOBAL_ACCENT_COLOR_NAME = AccentColor;
				CODE_SIGN_STYLE = Automatic;
				CURRENT_PROJECT_VERSION = 1;
				DEVELOPMENT_TEAM = 548W892M42;
				GENERATE_INFOPLIST_FILE = YES;
				INFOPLIST_FILE = "34th-SOPT-Seminar/Info.plist";
				INFOPLIST_KEY_UIApplicationSupportsIndirectInputEvents = YES;
				INFOPLIST_KEY_UILaunchStoryboardName = LaunchScreen;
				INFOPLIST_KEY_UIMainStoryboardFile = Main;
				INFOPLIST_KEY_UISupportedInterfaceOrientations_iPad = "UIInterfaceOrientationPortrait UIInterfaceOrientationPortraitUpsideDown UIInterfaceOrientationLandscapeLeft UIInterfaceOrientationLandscapeRight";
				INFOPLIST_KEY_UISupportedInterfaceOrientations_iPhone = "UIInterfaceOrientationPortrait UIInterfaceOrientationLandscapeLeft UIInterfaceOrientationLandscapeRight";
				LD_RUNPATH_SEARCH_PATHS = (
					"$(inherited)",
					"@executable_path/Frameworks",
				);
				MARKETING_VERSION = 1.0;
				PRODUCT_BUNDLE_IDENTIFIER = "com.minsung.-4th-SOPT-Seminar";
				PRODUCT_NAME = "$(TARGET_NAME)";
				SWIFT_EMIT_LOC_STRINGS = YES;
				SWIFT_VERSION = 5.0;
				TARGETED_DEVICE_FAMILY = "1,2";
			};
			name = Release;
		};
		4EAF3E472BBFEE5B00D53244 /* Debug */ = {
			isa = XCBuildConfiguration;
			buildSettings = {
				ALWAYS_EMBED_SWIFT_STANDARD_LIBRARIES = YES;
				BUNDLE_LOADER = "$(TEST_HOST)";
				CODE_SIGN_STYLE = Automatic;
				CURRENT_PROJECT_VERSION = 1;
				DEVELOPMENT_TEAM = 548W892M42;
				GENERATE_INFOPLIST_FILE = YES;
				IPHONEOS_DEPLOYMENT_TARGET = 17.0;
				MARKETING_VERSION = 1.0;
				PRODUCT_BUNDLE_IDENTIFIER = "com.minsung.-4th-SOPT-SeminarTests";
				PRODUCT_NAME = "$(TARGET_NAME)";
				SWIFT_EMIT_LOC_STRINGS = NO;
				SWIFT_VERSION = 5.0;
				TARGETED_DEVICE_FAMILY = "1,2";
				TEST_HOST = "$(BUILT_PRODUCTS_DIR)/34th-SOPT-Seminar.app/$(BUNDLE_EXECUTABLE_FOLDER_PATH)/34th-SOPT-Seminar";
			};
			name = Debug;
		};
		4EAF3E482BBFEE5B00D53244 /* Release */ = {
			isa = XCBuildConfiguration;
			buildSettings = {
				ALWAYS_EMBED_SWIFT_STANDARD_LIBRARIES = YES;
				BUNDLE_LOADER = "$(TEST_HOST)";
				CODE_SIGN_STYLE = Automatic;
				CURRENT_PROJECT_VERSION = 1;
				DEVELOPMENT_TEAM = 548W892M42;
				GENERATE_INFOPLIST_FILE = YES;
				IPHONEOS_DEPLOYMENT_TARGET = 17.0;
				MARKETING_VERSION = 1.0;
				PRODUCT_BUNDLE_IDENTIFIER = "com.minsung.-4th-SOPT-SeminarTests";
				PRODUCT_NAME = "$(TARGET_NAME)";
				SWIFT_EMIT_LOC_STRINGS = NO;
				SWIFT_VERSION = 5.0;
				TARGETED_DEVICE_FAMILY = "1,2";
				TEST_HOST = "$(BUILT_PRODUCTS_DIR)/34th-SOPT-Seminar.app/$(BUNDLE_EXECUTABLE_FOLDER_PATH)/34th-SOPT-Seminar";
			};
			name = Release;
		};
		4EAF3E4A2BBFEE5B00D53244 /* Debug */ = {
			isa = XCBuildConfiguration;
			buildSettings = {
				ALWAYS_EMBED_SWIFT_STANDARD_LIBRARIES = YES;
				CODE_SIGN_STYLE = Automatic;
				CURRENT_PROJECT_VERSION = 1;
				DEVELOPMENT_TEAM = 548W892M42;
				GENERATE_INFOPLIST_FILE = YES;
				MARKETING_VERSION = 1.0;
				PRODUCT_BUNDLE_IDENTIFIER = "com.minsung.-4th-SOPT-SeminarUITests";
				PRODUCT_NAME = "$(TARGET_NAME)";
				SWIFT_EMIT_LOC_STRINGS = NO;
				SWIFT_VERSION = 5.0;
				TARGETED_DEVICE_FAMILY = "1,2";
				TEST_TARGET_NAME = "34th-SOPT-Seminar";
			};
			name = Debug;
		};
		4EAF3E4B2BBFEE5B00D53244 /* Release */ = {
			isa = XCBuildConfiguration;
			buildSettings = {
				ALWAYS_EMBED_SWIFT_STANDARD_LIBRARIES = YES;
				CODE_SIGN_STYLE = Automatic;
				CURRENT_PROJECT_VERSION = 1;
				DEVELOPMENT_TEAM = 548W892M42;
				GENERATE_INFOPLIST_FILE = YES;
				MARKETING_VERSION = 1.0;
				PRODUCT_BUNDLE_IDENTIFIER = "com.minsung.-4th-SOPT-SeminarUITests";
				PRODUCT_NAME = "$(TARGET_NAME)";
				SWIFT_EMIT_LOC_STRINGS = NO;
				SWIFT_VERSION = 5.0;
				TARGETED_DEVICE_FAMILY = "1,2";
				TEST_TARGET_NAME = "34th-SOPT-Seminar";
			};
			name = Release;
		};
/* End XCBuildConfiguration section */

/* Begin XCConfigurationList section */
		4EAF3E142BBFEE5900D53244 /* Build configuration list for PBXProject "34th-SOPT-Seminar" */ = {
			isa = XCConfigurationList;
			buildConfigurations = (
				4EAF3E412BBFEE5B00D53244 /* Debug */,
				4EAF3E422BBFEE5B00D53244 /* Release */,
			);
			defaultConfigurationIsVisible = 0;
			defaultConfigurationName = Release;
		};
		4EAF3E432BBFEE5B00D53244 /* Build configuration list for PBXNativeTarget "34th-SOPT-Seminar" */ = {
			isa = XCConfigurationList;
			buildConfigurations = (
				4EAF3E442BBFEE5B00D53244 /* Debug */,
				4EAF3E452BBFEE5B00D53244 /* Release */,
			);
			defaultConfigurationIsVisible = 0;
			defaultConfigurationName = Release;
		};
		4EAF3E462BBFEE5B00D53244 /* Build configuration list for PBXNativeTarget "34th-SOPT-SeminarTests" */ = {
			isa = XCConfigurationList;
			buildConfigurations = (
				4EAF3E472BBFEE5B00D53244 /* Debug */,
				4EAF3E482BBFEE5B00D53244 /* Release */,
			);
			defaultConfigurationIsVisible = 0;
			defaultConfigurationName = Release;
		};
		4EAF3E492BBFEE5B00D53244 /* Build configuration list for PBXNativeTarget "34th-SOPT-SeminarUITests" */ = {
			isa = XCConfigurationList;
			buildConfigurations = (
				4EAF3E4A2BBFEE5B00D53244 /* Debug */,
				4EAF3E4B2BBFEE5B00D53244 /* Release */,
			);
			defaultConfigurationIsVisible = 0;
			defaultConfigurationName = Release;
		};
/* End XCConfigurationList section */
	};
	rootObject = 4EAF3E112BBFEE5900D53244 /* Project object */;
}
